// !$*UTF8*$!
{
	archiveVersion = 1;
	classes = {
	};
	objectVersion = 56;
	objects = {

/* Begin PBXBuildFile section */
		4948D79E2A53933A006FE8FE /* README.txt in Resources */ = {isa = PBXBuildFile; fileRef = 4948D78C2A53933A006FE8FE /* README.txt */; };
		4948D79F2A53933A006FE8FE /* Turret_Reflection.jpg in Resources */ = {isa = PBXBuildFile; fileRef = 4948D78D2A53933A006FE8FE /* Turret_Reflection.jpg */; };
		4948D7A02A53933A006FE8FE /* panel.jpg in Resources */ = {isa = PBXBuildFile; fileRef = 4948D78E2A53933A006FE8FE /* panel.jpg */; };
		4948D7A12A53933A006FE8FE /* HDU_02.jpg in Resources */ = {isa = PBXBuildFile; fileRef = 4948D78F2A53933A006FE8FE /* HDU_02.jpg */; };
		4948D7A22A53933A006FE8FE /* panelbump.jpg in Resources */ = {isa = PBXBuildFile; fileRef = 4948D7902A53933A006FE8FE /* panelbump.jpg */; };
		4948D7A42A53933A006FE8FE /* objSolar.obj in Resources */ = {isa = PBXBuildFile; fileRef = 4948D7922A53933A006FE8FE /* objSolar.obj */; };
		4948D7A52A53933A006FE8FE /* HDU_01.jpg in Resources */ = {isa = PBXBuildFile; fileRef = 4948D7932A53933A006FE8FE /* HDU_01.jpg */; };
		4948D7A62A53933A006FE8FE /* innerHDU.mtl in Resources */ = {isa = PBXBuildFile; fileRef = 4948D7942A53933A006FE8FE /* innerHDU.mtl */; };
		4948D7A72A53933A006FE8FE /* objSolar.mtl in Resources */ = {isa = PBXBuildFile; fileRef = 4948D7952A53933A006FE8FE /* objSolar.mtl */; };
		4948D7A82A53933A006FE8FE /* outerHDU.mtl in Resources */ = {isa = PBXBuildFile; fileRef = 4948D7962A53933A006FE8FE /* outerHDU.mtl */; };
		4948D7A92A53933A006FE8FE /* Sci Fi AA Turret.obj in Resources */ = {isa = PBXBuildFile; fileRef = 4948D7972A53933A006FE8FE /* Sci Fi AA Turret.obj */; };
		4948D7AA2A53933A006FE8FE /* innerHDU.obj in Resources */ = {isa = PBXBuildFile; fileRef = 4948D7982A53933A006FE8FE /* innerHDU.obj */; };
		4948D7AB2A53933A006FE8FE /* outerHDU.obj in Resources */ = {isa = PBXBuildFile; fileRef = 4948D7992A53933A006FE8FE /* outerHDU.obj */; };
		4948D7AC2A53933A006FE8FE /* Sci Fi AA Turret.mtl in Resources */ = {isa = PBXBuildFile; fileRef = 4948D79A2A53933A006FE8FE /* Sci Fi AA Turret.mtl */; };
		4948D7AD2A53933A006FE8FE /* TankCannon.obj in Resources */ = {isa = PBXBuildFile; fileRef = 4948D79B2A53933A006FE8FE /* TankCannon.obj */; };
		4948D7AE2A53933A006FE8FE /* Turret_Normal.jpg in Resources */ = {isa = PBXBuildFile; fileRef = 4948D79C2A53933A006FE8FE /* Turret_Normal.jpg */; };
		4948D7AF2A53933A006FE8FE /* Turret_Color.jpg in Resources */ = {isa = PBXBuildFile; fileRef = 4948D79D2A53933A006FE8FE /* Turret_Color.jpg */; };
		4948D7B52A5397AE006FE8FE /* Raider.obj in Resources */ = {isa = PBXBuildFile; fileRef = 4948D7B42A5397AE006FE8FE /* Raider.obj */; };
		4948D7B72A5397BD006FE8FE /* Raider.mtl in Resources */ = {isa = PBXBuildFile; fileRef = 4948D7B62A5397BD006FE8FE /* Raider.mtl */; };
		4948D7B92A53C8A6006FE8FE /* Earth.jpg in Resources */ = {isa = PBXBuildFile; fileRef = 4948D7B82A53C8A6006FE8FE /* Earth.jpg */; };
		4956C8042A5B64E80003D9D4 /* BH.swift in Sources */ = {isa = PBXBuildFile; fileRef = 4956C8032A5B64E80003D9D4 /* BH.swift */; };
		4956C8072A5BB0EF0003D9D4 /* SwiftUI Views.swift in Sources */ = {isa = PBXBuildFile; fileRef = 4956C8062A5BB0EF0003D9D4 /* SwiftUI Views.swift */; };
		4956C8092A5BC1350003D9D4 /* AudioManager.swift in Sources */ = {isa = PBXBuildFile; fileRef = 4956C8082A5BC1350003D9D4 /* AudioManager.swift */; };
		4956C8112A5BC2100003D9D4 /* ParticleManager.swift in Sources */ = {isa = PBXBuildFile; fileRef = 4956C80A2A5BC20F0003D9D4 /* ParticleManager.swift */; };
		4956C8122A5BC2100003D9D4 /* GameManager.swift in Sources */ = {isa = PBXBuildFile; fileRef = 4956C80B2A5BC2100003D9D4 /* GameManager.swift */; };
		4956C8132A5BC2100003D9D4 /* PhysicsManager.swift in Sources */ = {isa = PBXBuildFile; fileRef = 4956C80C2A5BC2100003D9D4 /* PhysicsManager.swift */; };
		4956C8142A5BC2100003D9D4 /* SceneManager.swift in Sources */ = {isa = PBXBuildFile; fileRef = 4956C80D2A5BC2100003D9D4 /* SceneManager.swift */; };
		4956C8152A5BC2100003D9D4 /* ShipManager.swift in Sources */ = {isa = PBXBuildFile; fileRef = 4956C80E2A5BC2100003D9D4 /* ShipManager.swift */; };
		4956C8162A5BC2100003D9D4 /* ModelManager.swift in Sources */ = {isa = PBXBuildFile; fileRef = 4956C80F2A5BC2100003D9D4 /* ModelManager.swift */; };
		4956C8172A5BC2100003D9D4 /* CameraManager.swift in Sources */ = {isa = PBXBuildFile; fileRef = 4956C8102A5BC2100003D9D4 /* CameraManager.swift */; };
		4956C8192A5BC2680003D9D4 /* base.jpg in Resources */ = {isa = PBXBuildFile; fileRef = 4956C8182A5BC2680003D9D4 /* base.jpg */; };
		4956C81B2A5BC7040003D9D4 /* WaterPlanet.swift in Sources */ = {isa = PBXBuildFile; fileRef = 4956C81A2A5BC7040003D9D4 /* WaterPlanet.swift */; };
		4956C8212A5BCDB30003D9D4 /* cloudTexture.png in Resources */ = {isa = PBXBuildFile; fileRef = 4956C8202A5BCDB30003D9D4 /* cloudTexture.png */; };
		4956C8232A5C68160003D9D4 /* CelestialManager.swift in Sources */ = {isa = PBXBuildFile; fileRef = 4956C8222A5C68160003D9D4 /* CelestialManager.swift */; };
		498A97752A5E58DB00A03559 /* Explosion.aif in Resources */ = {isa = PBXBuildFile; fileRef = 498A97742A5E58DB00A03559 /* Explosion.aif */; };
		498A977A2A5E5D2E00A03559 /* harvest3.aif in Resources */ = {isa = PBXBuildFile; fileRef = 498A97762A5E5D2D00A03559 /* harvest3.aif */; };
		498A977B2A5E5D2E00A03559 /* harvest4.aif in Resources */ = {isa = PBXBuildFile; fileRef = 498A97772A5E5D2D00A03559 /* harvest4.aif */; };
		498A977C2A5E5D2E00A03559 /* harvest2.aif in Resources */ = {isa = PBXBuildFile; fileRef = 498A97782A5E5D2D00A03559 /* harvest2.aif */; };
		498A977D2A5E5D2E00A03559 /* harvest1.aif in Resources */ = {isa = PBXBuildFile; fileRef = 498A97792A5E5D2E00A03559 /* harvest1.aif */; };
		49980BDB2A5CA3F500DB70A6 /* OSNRMissile.swift in Sources */ = {isa = PBXBuildFile; fileRef = 49980BDA2A5CA3F500DB70A6 /* OSNRMissile.swift */; };
		49CA94232A5D0BCE00E3D8A2 /* HVN2.mp3 in Resources */ = {isa = PBXBuildFile; fileRef = 49CA94222A5D0BCE00E3D8A2 /* HVN2.mp3 */; };
		AF05610F2A3E99E80096E211 /* Level.swift in Sources */ = {isa = PBXBuildFile; fileRef = AF05610E2A3E99E80096E211 /* Level.swift */; };
		AF07021E29E120D300667F9B /* Assets.xcassets in Resources */ = {isa = PBXBuildFile; fileRef = AF07021C29E120D300667F9B /* Assets.xcassets */; };
		AF12B9A92A33DFFF0068D352 /* Physics.swift in Sources */ = {isa = PBXBuildFile; fileRef = AF12B9A82A33DFFF0068D352 /* Physics.swift */; };
		AF1C63D329D98B1600710916 /* SceneKit Asset Catalog.scnassets in Resources */ = {isa = PBXBuildFile; fileRef = AF1C63D229D98B1600710916 /* SceneKit Asset Catalog.scnassets */; };
		AF28B9BA29E4C9A7002FEAB5 /* Reticle.swift in Sources */ = {isa = PBXBuildFile; fileRef = AF28B9B929E4C9A7002FEAB5 /* Reticle.swift */; };
		AF3D1DA62A0A006600A8F2C7 /* Planet.swift in Sources */ = {isa = PBXBuildFile; fileRef = AF3D1DA52A0A006600A8F2C7 /* Planet.swift */; };
		AF5B368F2A0AA9660075581E /* Custom Slider.swift in Sources */ = {isa = PBXBuildFile; fileRef = AF5B368E2A0AA9650075581E /* Custom Slider.swift */; };
		AF6388DA29DF77940086C90F /* Space.swift in Sources */ = {isa = PBXBuildFile; fileRef = AF6388D929DF77940086C90F /* Space.swift */; };
		AF6388DC29DF77B80086C90F /* HUD.swift in Sources */ = {isa = PBXBuildFile; fileRef = AF6388DB29DF77B80086C90F /* HUD.swift */; };
		AF6388DE29DF77DF0086C90F /* VelocityBuffer.swift in Sources */ = {isa = PBXBuildFile; fileRef = AF6388DD29DF77DF0086C90F /* VelocityBuffer.swift */; };
		AF6388E029DF78430086C90F /* Ship.swift in Sources */ = {isa = PBXBuildFile; fileRef = AF6388DF29DF78430086C90F /* Ship.swift */; };
		AF6388E329DF79090086C90F /* SpacegroundViewModel.swift in Sources */ = {isa = PBXBuildFile; fileRef = AF6388E229DF79090086C90F /* SpacegroundViewModel.swift */; };
		AF6388E729DFC9610086C90F /* Star.swift in Sources */ = {isa = PBXBuildFile; fileRef = AF6388E629DFC9610086C90F /* Star.swift */; };
		AF67FBB129F78C0B007CE669 /* Drone.swift in Sources */ = {isa = PBXBuildFile; fileRef = AF67FBB029F78C0B007CE669 /* Drone.swift */; };
		AF67FBB529F7C0CB007CE669 /* Launch Screen.storyboard in Resources */ = {isa = PBXBuildFile; fileRef = AF67FBB429F7C0CB007CE669 /* Launch Screen.storyboard */; };
		AF6D0AF62A35BF2E001C1DEB /* LoadingScreen.swift in Sources */ = {isa = PBXBuildFile; fileRef = AF6D0AF52A35BF2E001C1DEB /* LoadingScreen.swift */; };
		AF6D0AF82A35C2A4001C1DEB /* SettingsScreen.swift in Sources */ = {isa = PBXBuildFile; fileRef = AF6D0AF72A35C2A4001C1DEB /* SettingsScreen.swift */; };
		AF778F0829F9F44700F299E5 /* Raider.swift in Sources */ = {isa = PBXBuildFile; fileRef = AF778F0729F9F44700F299E5 /* Raider.swift */; };
		AF9FD3812A02E64D00F5F2AC /* GhostMissile.swift in Sources */ = {isa = PBXBuildFile; fileRef = AF9FD3802A02E64D00F5F2AC /* GhostMissile.swift */; };
		AFAA93932A4B91AB001718D6 /* Moonbase.swift in Sources */ = {isa = PBXBuildFile; fileRef = AFAA93922A4B91AB001718D6 /* Moonbase.swift */; };
		AFAAB44B29F468D3007D5A2F /* Laser.swift in Sources */ = {isa = PBXBuildFile; fileRef = AFAAB44A29F468D3007D5A2F /* Laser.swift */; };
		AFAAB44D29F47B8F007D5A2F /* CollisionCategory.swift in Sources */ = {isa = PBXBuildFile; fileRef = AFAAB44C29F47B8F007D5A2F /* CollisionCategory.swift */; };
		AFAFEF482A43ED1200247BAF /* IntroScreen.swift in Sources */ = {isa = PBXBuildFile; fileRef = AFAFEF472A43ED1200247BAF /* IntroScreen.swift */; };
		AFC43CCA29D771790080E891 /* SceneKit.framework in Frameworks */ = {isa = PBXBuildFile; fileRef = AFD4C06A29CFFB4E00A127BB /* SceneKit.framework */; };
		AFC43CDA29D7CF200080E891 /* Privacy Policy.txt in Resources */ = {isa = PBXBuildFile; fileRef = AFC43CD929D7CF200080E891 /* Privacy Policy.txt */; };
		AFC92EDB2A12B8BE0042697B /* HomeScreen.swift in Sources */ = {isa = PBXBuildFile; fileRef = AFC92EDA2A12B8BE0042697B /* HomeScreen.swift */; };
		AFD4C05029CFA48200A127BB /* StarhavenApp.swift in Sources */ = {isa = PBXBuildFile; fileRef = AFD4C04F29CFA48200A127BB /* StarhavenApp.swift */; };
		AFD4C05429CFA48400A127BB /* Assets.xcassets in Resources */ = {isa = PBXBuildFile; fileRef = AFD4C05329CFA48400A127BB /* Assets.xcassets */; };
		AFD4C05729CFA48400A127BB /* Preview Assets.xcassets in Resources */ = {isa = PBXBuildFile; fileRef = AFD4C05629CFA48400A127BB /* Preview Assets.xcassets */; };
		AFD4C05E29CFA49500A127BB /* BlackHole.swift in Sources */ = {isa = PBXBuildFile; fileRef = AFD4C05D29CFA49500A127BB /* BlackHole.swift */; };
		AFD4C06429CFAAFC00A127BB /* Extensions.swift in Sources */ = {isa = PBXBuildFile; fileRef = AFD4C06329CFAAFC00A127BB /* Extensions.swift */; };
		AFD4C06629CFAF5100A127BB /* CustomTorus.swift in Sources */ = {isa = PBXBuildFile; fileRef = AFD4C06529CFAF5100A127BB /* CustomTorus.swift */; };
		AFD7EEB92A2C83A600A92162 /* IntroCutscene.swift in Sources */ = {isa = PBXBuildFile; fileRef = AFD7EEB82A2C83A600A92162 /* IntroCutscene.swift */; };
		AFDBFDDA29DD2775006DEB3E /* ContentView.swift in Sources */ = {isa = PBXBuildFile; fileRef = AFDBFDD929DD2775006DEB3E /* ContentView.swift */; };
		AFDE46E429F8A17500401509 /* Faction.swift in Sources */ = {isa = PBXBuildFile; fileRef = AFDE46E329F8A17500401509 /* Faction.swift */; };
		AFDE46E829F908CA00401509 /* Ecosystem.swift in Sources */ = {isa = PBXBuildFile; fileRef = AFDE46E729F908CA00401509 /* Ecosystem.swift */; };
		AFDE46EA29F911A800401509 /* FactionSystem.swift in Sources */ = {isa = PBXBuildFile; fileRef = AFDE46E929F911A800401509 /* FactionSystem.swift */; };
		AFDE46F229F91E2400401509 /* Dreadknought.swift in Sources */ = {isa = PBXBuildFile; fileRef = AFDE46F129F91E2400401509 /* Dreadknought.swift */; };
		AFE668A02A4277C00049D599 /* AI.swift in Sources */ = {isa = PBXBuildFile; fileRef = AFE6689F2A4277C00049D599 /* AI.swift */; };
		AFF42A8629E6689800B6C603 /* Missile.swift in Sources */ = {isa = PBXBuildFile; fileRef = AFF42A8529E6689800B6C603 /* Missile.swift */; };
/* End PBXBuildFile section */

/* Begin PBXFileReference section */
		4948D78C2A53933A006FE8FE /* README.txt */ = {isa = PBXFileReference; fileEncoding = 4; lastKnownFileType = text; name = README.txt; path = Models/README.txt; sourceTree = "<group>"; };
		4948D78D2A53933A006FE8FE /* Turret_Reflection.jpg */ = {isa = PBXFileReference; lastKnownFileType = image.jpeg; name = Turret_Reflection.jpg; path = Models/Turret_Reflection.jpg; sourceTree = "<group>"; };
		4948D78E2A53933A006FE8FE /* panel.jpg */ = {isa = PBXFileReference; lastKnownFileType = image.jpeg; name = panel.jpg; path = Models/panel.jpg; sourceTree = "<group>"; };
		4948D78F2A53933A006FE8FE /* HDU_02.jpg */ = {isa = PBXFileReference; lastKnownFileType = image.jpeg; name = HDU_02.jpg; path = Models/HDU_02.jpg; sourceTree = "<group>"; };
		4948D7902A53933A006FE8FE /* panelbump.jpg */ = {isa = PBXFileReference; lastKnownFileType = image.jpeg; name = panelbump.jpg; path = Models/panelbump.jpg; sourceTree = "<group>"; };
		4948D7922A53933A006FE8FE /* objSolar.obj */ = {isa = PBXFileReference; fileEncoding = 4; lastKnownFileType = text; name = objSolar.obj; path = Models/objSolar.obj; sourceTree = "<group>"; };
		4948D7932A53933A006FE8FE /* HDU_01.jpg */ = {isa = PBXFileReference; lastKnownFileType = image.jpeg; name = HDU_01.jpg; path = Models/HDU_01.jpg; sourceTree = "<group>"; };
		4948D7942A53933A006FE8FE /* innerHDU.mtl */ = {isa = PBXFileReference; fileEncoding = 4; lastKnownFileType = text; name = innerHDU.mtl; path = Models/innerHDU.mtl; sourceTree = "<group>"; };
		4948D7952A53933A006FE8FE /* objSolar.mtl */ = {isa = PBXFileReference; fileEncoding = 4; lastKnownFileType = text; name = objSolar.mtl; path = Models/objSolar.mtl; sourceTree = "<group>"; };
		4948D7962A53933A006FE8FE /* outerHDU.mtl */ = {isa = PBXFileReference; fileEncoding = 4; lastKnownFileType = text; name = outerHDU.mtl; path = Models/outerHDU.mtl; sourceTree = "<group>"; };
		4948D7972A53933A006FE8FE /* Sci Fi AA Turret.obj */ = {isa = PBXFileReference; fileEncoding = 4; lastKnownFileType = text; name = "Sci Fi AA Turret.obj"; path = "Models/Sci Fi AA Turret.obj"; sourceTree = "<group>"; };
		4948D7982A53933A006FE8FE /* innerHDU.obj */ = {isa = PBXFileReference; fileEncoding = 4; lastKnownFileType = text; name = innerHDU.obj; path = Models/innerHDU.obj; sourceTree = "<group>"; };
		4948D7992A53933A006FE8FE /* outerHDU.obj */ = {isa = PBXFileReference; fileEncoding = 4; lastKnownFileType = text; name = outerHDU.obj; path = Models/outerHDU.obj; sourceTree = "<group>"; };
		4948D79A2A53933A006FE8FE /* Sci Fi AA Turret.mtl */ = {isa = PBXFileReference; fileEncoding = 4; lastKnownFileType = text; name = "Sci Fi AA Turret.mtl"; path = "Models/Sci Fi AA Turret.mtl"; sourceTree = "<group>"; };
		4948D79B2A53933A006FE8FE /* TankCannon.obj */ = {isa = PBXFileReference; fileEncoding = 4; lastKnownFileType = text; name = TankCannon.obj; path = Models/TankCannon.obj; sourceTree = "<group>"; };
		4948D79C2A53933A006FE8FE /* Turret_Normal.jpg */ = {isa = PBXFileReference; lastKnownFileType = image.jpeg; name = Turret_Normal.jpg; path = Models/Turret_Normal.jpg; sourceTree = "<group>"; };
		4948D79D2A53933A006FE8FE /* Turret_Color.jpg */ = {isa = PBXFileReference; lastKnownFileType = image.jpeg; name = Turret_Color.jpg; path = Models/Turret_Color.jpg; sourceTree = "<group>"; };
		4948D7B42A5397AE006FE8FE /* Raider.obj */ = {isa = PBXFileReference; fileEncoding = 4; lastKnownFileType = text; name = Raider.obj; path = "../../Library/Messages/Attachments/a6/06/5E86C0D9-3F63-45A3-BBB1-D5ABA845ED4E/Raider.obj"; sourceTree = "<group>"; };
		4948D7B62A5397BD006FE8FE /* Raider.mtl */ = {isa = PBXFileReference; fileEncoding = 4; lastKnownFileType = text; name = Raider.mtl; path = "../../Library/Messages/Attachments/fe/14/2DD21A8D-7E42-4D57-AF5F-7AF410A94928/Raider.mtl"; sourceTree = "<group>"; };
		4948D7B82A53C8A6006FE8FE /* Earth.jpg */ = {isa = PBXFileReference; lastKnownFileType = image.jpeg; name = Earth.jpg; path = ../../Downloads/Earth.jpg; sourceTree = "<group>"; };
		4948D7BA2A53ECAF006FE8FE /* Starhaven.entitlements */ = {isa = PBXFileReference; lastKnownFileType = text.plist.entitlements; path = Starhaven.entitlements; sourceTree = "<group>"; };
		4956C8032A5B64E80003D9D4 /* BH.swift */ = {isa = PBXFileReference; lastKnownFileType = sourcecode.swift; path = BH.swift; sourceTree = "<group>"; };
		4956C8062A5BB0EF0003D9D4 /* SwiftUI Views.swift */ = {isa = PBXFileReference; lastKnownFileType = sourcecode.swift; path = "SwiftUI Views.swift"; sourceTree = "<group>"; };
		4956C8082A5BC1350003D9D4 /* AudioManager.swift */ = {isa = PBXFileReference; lastKnownFileType = sourcecode.swift; path = AudioManager.swift; sourceTree = "<group>"; };
		4956C80A2A5BC20F0003D9D4 /* ParticleManager.swift */ = {isa = PBXFileReference; fileEncoding = 4; lastKnownFileType = sourcecode.swift; name = ParticleManager.swift; path = Managers/ParticleManager.swift; sourceTree = "<group>"; };
		4956C80B2A5BC2100003D9D4 /* GameManager.swift */ = {isa = PBXFileReference; fileEncoding = 4; lastKnownFileType = sourcecode.swift; name = GameManager.swift; path = Managers/GameManager.swift; sourceTree = "<group>"; };
		4956C80C2A5BC2100003D9D4 /* PhysicsManager.swift */ = {isa = PBXFileReference; fileEncoding = 4; lastKnownFileType = sourcecode.swift; name = PhysicsManager.swift; path = Managers/PhysicsManager.swift; sourceTree = "<group>"; };
		4956C80D2A5BC2100003D9D4 /* SceneManager.swift */ = {isa = PBXFileReference; fileEncoding = 4; lastKnownFileType = sourcecode.swift; name = SceneManager.swift; path = Managers/SceneManager.swift; sourceTree = "<group>"; };
		4956C80E2A5BC2100003D9D4 /* ShipManager.swift */ = {isa = PBXFileReference; fileEncoding = 4; lastKnownFileType = sourcecode.swift; name = ShipManager.swift; path = Managers/ShipManager.swift; sourceTree = "<group>"; };
		4956C80F2A5BC2100003D9D4 /* ModelManager.swift */ = {isa = PBXFileReference; fileEncoding = 4; lastKnownFileType = sourcecode.swift; name = ModelManager.swift; path = Managers/ModelManager.swift; sourceTree = "<group>"; };
		4956C8102A5BC2100003D9D4 /* CameraManager.swift */ = {isa = PBXFileReference; fileEncoding = 4; lastKnownFileType = sourcecode.swift; name = CameraManager.swift; path = Managers/CameraManager.swift; sourceTree = "<group>"; };
		4956C8182A5BC2680003D9D4 /* base.jpg */ = {isa = PBXFileReference; lastKnownFileType = image.jpeg; name = base.jpg; path = Models/base.jpg; sourceTree = "<group>"; };
		4956C81A2A5BC7040003D9D4 /* WaterPlanet.swift */ = {isa = PBXFileReference; lastKnownFileType = sourcecode.swift; path = WaterPlanet.swift; sourceTree = "<group>"; };
		4956C8202A5BCDB30003D9D4 /* cloudTexture.png */ = {isa = PBXFileReference; lastKnownFileType = image.png; name = cloudTexture.png; path = Models/cloudTexture.png; sourceTree = "<group>"; };
		4956C8222A5C68160003D9D4 /* CelestialManager.swift */ = {isa = PBXFileReference; lastKnownFileType = sourcecode.swift; path = CelestialManager.swift; sourceTree = "<group>"; };
		498A97742A5E58DB00A03559 /* Explosion.aif */ = {isa = PBXFileReference; lastKnownFileType = file; path = Explosion.aif; sourceTree = "<group>"; };
		498A97762A5E5D2D00A03559 /* harvest3.aif */ = {isa = PBXFileReference; lastKnownFileType = file; path = harvest3.aif; sourceTree = "<group>"; };
		498A97772A5E5D2D00A03559 /* harvest4.aif */ = {isa = PBXFileReference; lastKnownFileType = file; path = harvest4.aif; sourceTree = "<group>"; };
		498A97782A5E5D2D00A03559 /* harvest2.aif */ = {isa = PBXFileReference; lastKnownFileType = file; path = harvest2.aif; sourceTree = "<group>"; };
		498A97792A5E5D2E00A03559 /* harvest1.aif */ = {isa = PBXFileReference; lastKnownFileType = file; path = harvest1.aif; sourceTree = "<group>"; };
		49980BDA2A5CA3F500DB70A6 /* OSNRMissile.swift */ = {isa = PBXFileReference; lastKnownFileType = sourcecode.swift; path = OSNRMissile.swift; sourceTree = "<group>"; };
		49CA94222A5D0BCE00E3D8A2 /* HVN2.mp3 */ = {isa = PBXFileReference; lastKnownFileType = audio.mp3; name = HVN2.mp3; path = ../../../Music/Logic/Bounces/HVN2.mp3; sourceTree = "<group>"; };
		AF05610E2A3E99E80096E211 /* Level.swift */ = {isa = PBXFileReference; lastKnownFileType = sourcecode.swift; path = Level.swift; sourceTree = "<group>"; };
		AF0561112A3EA8270096E211 /* ISR.mp3 */ = {isa = PBXFileReference; lastKnownFileType = audio.mp3; path = ISR.mp3; sourceTree = "<group>"; };
		AF0561122A3EA8270096E211 /* HVNDarkseid.mp3 */ = {isa = PBXFileReference; lastKnownFileType = audio.mp3; path = HVNDarkseid.mp3; sourceTree = "<group>"; };
		AF0561132A3EA8270096E211 /* HVN.mp3 */ = {isa = PBXFileReference; lastKnownFileType = audio.mp3; path = HVN.mp3; sourceTree = "<group>"; };
		AF0561142A3EA82A0096E211 /* snatchHiss.wav */ = {isa = PBXFileReference; lastKnownFileType = audio.wav; path = snatchHiss.wav; sourceTree = "<group>"; };
		AF0561152A3EA82A0096E211 /* snap.wav */ = {isa = PBXFileReference; lastKnownFileType = audio.wav; path = snap.wav; sourceTree = "<group>"; };
		AF0561162A3EA82B0096E211 /* she never loved u bro.mp3 */ = {isa = PBXFileReference; lastKnownFileType = audio.mp3; path = "she never loved u bro.mp3"; sourceTree = "<group>"; };
		AF07021C29E120D300667F9B /* Assets.xcassets */ = {isa = PBXFileReference; lastKnownFileType = folder.assetcatalog; path = Assets.xcassets; sourceTree = "<group>"; };
		AF12B9A82A33DFFF0068D352 /* Physics.swift */ = {isa = PBXFileReference; lastKnownFileType = sourcecode.swift; path = Physics.swift; sourceTree = "<group>"; };
		AF1C63D229D98B1600710916 /* SceneKit Asset Catalog.scnassets */ = {isa = PBXFileReference; lastKnownFileType = wrapper.scnassets; path = "SceneKit Asset Catalog.scnassets"; sourceTree = "<group>"; };
		AF28B9B929E4C9A7002FEAB5 /* Reticle.swift */ = {isa = PBXFileReference; lastKnownFileType = sourcecode.swift; path = Reticle.swift; sourceTree = "<group>"; };
		AF3D1DA52A0A006600A8F2C7 /* Planet.swift */ = {isa = PBXFileReference; lastKnownFileType = sourcecode.swift; path = Planet.swift; sourceTree = "<group>"; };
		AF5B368E2A0AA9650075581E /* Custom Slider.swift */ = {isa = PBXFileReference; lastKnownFileType = sourcecode.swift; path = "Custom Slider.swift"; sourceTree = "<group>"; };
		AF6388D929DF77940086C90F /* Space.swift */ = {isa = PBXFileReference; lastKnownFileType = sourcecode.swift; path = Space.swift; sourceTree = "<group>"; };
		AF6388DB29DF77B80086C90F /* HUD.swift */ = {isa = PBXFileReference; lastKnownFileType = sourcecode.swift; path = HUD.swift; sourceTree = "<group>"; };
		AF6388DD29DF77DF0086C90F /* VelocityBuffer.swift */ = {isa = PBXFileReference; lastKnownFileType = sourcecode.swift; path = VelocityBuffer.swift; sourceTree = "<group>"; };
		AF6388DF29DF78430086C90F /* Ship.swift */ = {isa = PBXFileReference; lastKnownFileType = sourcecode.swift; path = Ship.swift; sourceTree = "<group>"; };
		AF6388E229DF79090086C90F /* SpacegroundViewModel.swift */ = {isa = PBXFileReference; lastKnownFileType = sourcecode.swift; path = SpacegroundViewModel.swift; sourceTree = "<group>"; };
		AF6388E629DFC9610086C90F /* Star.swift */ = {isa = PBXFileReference; lastKnownFileType = sourcecode.swift; path = Star.swift; sourceTree = "<group>"; };
		AF67FBB029F78C0B007CE669 /* Drone.swift */ = {isa = PBXFileReference; lastKnownFileType = sourcecode.swift; path = Drone.swift; sourceTree = "<group>"; };
		AF67FBB429F7C0CB007CE669 /* Launch Screen.storyboard */ = {isa = PBXFileReference; lastKnownFileType = file.storyboard; path = "Launch Screen.storyboard"; sourceTree = "<group>"; };
		AF6D0AF52A35BF2E001C1DEB /* LoadingScreen.swift */ = {isa = PBXFileReference; lastKnownFileType = sourcecode.swift; path = LoadingScreen.swift; sourceTree = "<group>"; };
		AF6D0AF72A35C2A4001C1DEB /* SettingsScreen.swift */ = {isa = PBXFileReference; lastKnownFileType = sourcecode.swift; path = SettingsScreen.swift; sourceTree = "<group>"; };
		AF778F0729F9F44700F299E5 /* Raider.swift */ = {isa = PBXFileReference; lastKnownFileType = sourcecode.swift; path = Raider.swift; sourceTree = "<group>"; };
		AF9FD3802A02E64D00F5F2AC /* GhostMissile.swift */ = {isa = PBXFileReference; lastKnownFileType = sourcecode.swift; path = GhostMissile.swift; sourceTree = "<group>"; };
		AFAA93922A4B91AB001718D6 /* Moonbase.swift */ = {isa = PBXFileReference; lastKnownFileType = sourcecode.swift; path = Moonbase.swift; sourceTree = "<group>"; };
		AFAA93A02A4BE08D001718D6 /* Info.plist */ = {isa = PBXFileReference; lastKnownFileType = text.plist; path = Info.plist; sourceTree = "<group>"; };
		AFAAB44A29F468D3007D5A2F /* Laser.swift */ = {isa = PBXFileReference; lastKnownFileType = sourcecode.swift; path = Laser.swift; sourceTree = "<group>"; };
		AFAAB44C29F47B8F007D5A2F /* CollisionCategory.swift */ = {isa = PBXFileReference; lastKnownFileType = sourcecode.swift; path = CollisionCategory.swift; sourceTree = "<group>"; };
		AFAFEF472A43ED1200247BAF /* IntroScreen.swift */ = {isa = PBXFileReference; lastKnownFileType = sourcecode.swift; path = IntroScreen.swift; sourceTree = "<group>"; };
		AFC43CD929D7CF200080E891 /* Privacy Policy.txt */ = {isa = PBXFileReference; lastKnownFileType = text; path = "Privacy Policy.txt"; sourceTree = "<group>"; };
		AFC92EDA2A12B8BE0042697B /* HomeScreen.swift */ = {isa = PBXFileReference; lastKnownFileType = sourcecode.swift; path = HomeScreen.swift; sourceTree = "<group>"; };
		AFD4C04C29CFA48200A127BB /* Starhaven.app */ = {isa = PBXFileReference; explicitFileType = wrapper.application; includeInIndex = 0; path = Starhaven.app; sourceTree = BUILT_PRODUCTS_DIR; };
		AFD4C04F29CFA48200A127BB /* StarhavenApp.swift */ = {isa = PBXFileReference; lastKnownFileType = sourcecode.swift; path = StarhavenApp.swift; sourceTree = "<group>"; };
		AFD4C05329CFA48400A127BB /* Assets.xcassets */ = {isa = PBXFileReference; lastKnownFileType = folder.assetcatalog; path = Assets.xcassets; sourceTree = "<group>"; };
		AFD4C05629CFA48400A127BB /* Preview Assets.xcassets */ = {isa = PBXFileReference; lastKnownFileType = folder.assetcatalog; path = "Preview Assets.xcassets"; sourceTree = "<group>"; };
		AFD4C05D29CFA49500A127BB /* BlackHole.swift */ = {isa = PBXFileReference; lastKnownFileType = sourcecode.swift; path = BlackHole.swift; sourceTree = "<group>"; };
		AFD4C06329CFAAFC00A127BB /* Extensions.swift */ = {isa = PBXFileReference; lastKnownFileType = sourcecode.swift; path = Extensions.swift; sourceTree = "<group>"; };
		AFD4C06529CFAF5100A127BB /* CustomTorus.swift */ = {isa = PBXFileReference; lastKnownFileType = sourcecode.swift; path = CustomTorus.swift; sourceTree = "<group>"; };
		AFD4C06A29CFFB4E00A127BB /* SceneKit.framework */ = {isa = PBXFileReference; lastKnownFileType = wrapper.framework; name = SceneKit.framework; path = System/Library/Frameworks/SceneKit.framework; sourceTree = SDKROOT; };
		AFD7EEB82A2C83A600A92162 /* IntroCutscene.swift */ = {isa = PBXFileReference; lastKnownFileType = sourcecode.swift; path = IntroCutscene.swift; sourceTree = "<group>"; };
		AFDBFDD929DD2775006DEB3E /* ContentView.swift */ = {isa = PBXFileReference; lastKnownFileType = sourcecode.swift; path = ContentView.swift; sourceTree = "<group>"; };
		AFDE46E329F8A17500401509 /* Faction.swift */ = {isa = PBXFileReference; lastKnownFileType = sourcecode.swift; path = Faction.swift; sourceTree = "<group>"; };
		AFDE46E729F908CA00401509 /* Ecosystem.swift */ = {isa = PBXFileReference; lastKnownFileType = sourcecode.swift; path = Ecosystem.swift; sourceTree = "<group>"; };
		AFDE46E929F911A800401509 /* FactionSystem.swift */ = {isa = PBXFileReference; lastKnownFileType = sourcecode.swift; path = FactionSystem.swift; sourceTree = "<group>"; };
		AFDE46F129F91E2400401509 /* Dreadknought.swift */ = {isa = PBXFileReference; lastKnownFileType = sourcecode.swift; path = Dreadknought.swift; sourceTree = "<group>"; };
		AFE6689F2A4277C00049D599 /* AI.swift */ = {isa = PBXFileReference; lastKnownFileType = sourcecode.swift; path = AI.swift; sourceTree = "<group>"; };
		AFF42A8529E6689800B6C603 /* Missile.swift */ = {isa = PBXFileReference; lastKnownFileType = sourcecode.swift; path = Missile.swift; sourceTree = "<group>"; };
/* End PBXFileReference section */

/* Begin PBXFrameworksBuildPhase section */
		AFD4C04929CFA48200A127BB /* Frameworks */ = {
			isa = PBXFrameworksBuildPhase;
			buildActionMask = 2147483647;
			files = (
				AFC43CCA29D771790080E891 /* SceneKit.framework in Frameworks */,
			);
			runOnlyForDeploymentPostprocessing = 0;
		};
/* End PBXFrameworksBuildPhase section */

/* Begin PBXGroup section */
		4948D78B2A5392DB006FE8FE /* Models */ = {
			isa = PBXGroup;
			children = (
				4956C8202A5BCDB30003D9D4 /* cloudTexture.png */,
				4948D7B82A53C8A6006FE8FE /* Earth.jpg */,
				4956C8182A5BC2680003D9D4 /* base.jpg */,
				4948D7932A53933A006FE8FE /* HDU_01.jpg */,
				4948D78F2A53933A006FE8FE /* HDU_02.jpg */,
				4948D7942A53933A006FE8FE /* innerHDU.mtl */,
				4948D7982A53933A006FE8FE /* innerHDU.obj */,
				4948D7952A53933A006FE8FE /* objSolar.mtl */,
				4948D7922A53933A006FE8FE /* objSolar.obj */,
				4948D7962A53933A006FE8FE /* outerHDU.mtl */,
				4948D7992A53933A006FE8FE /* outerHDU.obj */,
				4948D78E2A53933A006FE8FE /* panel.jpg */,
				4948D7902A53933A006FE8FE /* panelbump.jpg */,
				4948D7B42A5397AE006FE8FE /* Raider.obj */,
				4948D7B62A5397BD006FE8FE /* Raider.mtl */,
				4948D78C2A53933A006FE8FE /* README.txt */,
				4948D79A2A53933A006FE8FE /* Sci Fi AA Turret.mtl */,
				4948D7972A53933A006FE8FE /* Sci Fi AA Turret.obj */,
				4948D79B2A53933A006FE8FE /* TankCannon.obj */,
				4948D79D2A53933A006FE8FE /* Turret_Color.jpg */,
				4948D79C2A53933A006FE8FE /* Turret_Normal.jpg */,
				4948D78D2A53933A006FE8FE /* Turret_Reflection.jpg */,
			);
			name = Models;
			sourceTree = "<group>";
		};
		4956C8052A5BB09D0003D9D4 /* Views */ = {
			isa = PBXGroup;
			children = (
				4956C8062A5BB0EF0003D9D4 /* SwiftUI Views.swift */,
			);
			path = Views;
			sourceTree = "<group>";
		};
		AF0561172A3EA8300096E211 /* Audio */ = {
			isa = PBXGroup;
			children = (
				AF0561122A3EA8270096E211 /* HVNDarkseid.mp3 */,
				AF0561132A3EA8270096E211 /* HVN.mp3 */,
				49CA94222A5D0BCE00E3D8A2 /* HVN2.mp3 */,
				AF0561112A3EA8270096E211 /* ISR.mp3 */,
				AF0561152A3EA82A0096E211 /* snap.wav */,
				AF0561142A3EA82A0096E211 /* snatchHiss.wav */,
				498A97742A5E58DB00A03559 /* Explosion.aif */,
				498A97792A5E5D2E00A03559 /* harvest1.aif */,
				498A97782A5E5D2D00A03559 /* harvest2.aif */,
				498A97762A5E5D2D00A03559 /* harvest3.aif */,
				498A97772A5E5D2D00A03559 /* harvest4.aif */,
				AF0561162A3EA82B0096E211 /* she never loved u bro.mp3 */,
			);
			path = Audio;
			sourceTree = "<group>";
		};
		AF0561182A3EA8870096E211 /* Managers */ = {
			isa = PBXGroup;
			children = (
				4956C8102A5BC2100003D9D4 /* CameraManager.swift */,
				4956C80B2A5BC2100003D9D4 /* GameManager.swift */,
				4956C80F2A5BC2100003D9D4 /* ModelManager.swift */,
				4956C80A2A5BC20F0003D9D4 /* ParticleManager.swift */,
				4956C80C2A5BC2100003D9D4 /* PhysicsManager.swift */,
				4956C80D2A5BC2100003D9D4 /* SceneManager.swift */,
				4956C80E2A5BC2100003D9D4 /* ShipManager.swift */,
				4956C8082A5BC1350003D9D4 /* AudioManager.swift */,
				4956C8222A5C68160003D9D4 /* CelestialManager.swift */,
			);
			name = Managers;
			sourceTree = "<group>";
		};
		AF0561192A3EA8970096E211 /* Game Design */ = {
			isa = PBXGroup;
			children = (
				AFE6689F2A4277C00049D599 /* AI.swift */,
				49980BDA2A5CA3F500DB70A6 /* OSNRMissile.swift */,
				AFDE46E329F8A17500401509 /* Faction.swift */,
				AFAAB44C29F47B8F007D5A2F /* CollisionCategory.swift */,
				AFAA93922A4B91AB001718D6 /* Moonbase.swift */,
				AF05610E2A3E99E80096E211 /* Level.swift */,
				AFF42A8729E773D000B6C603 /* Celestial Objects */,
			);
			path = "Game Design";
			sourceTree = "<group>";
		};
		AFD4C04329CFA48200A127BB = {
			isa = PBXGroup;
			children = (
				4948D78B2A5392DB006FE8FE /* Models */,
				4956C8052A5BB09D0003D9D4 /* Views */,
				AF0561182A3EA8870096E211 /* Managers */,
				AF0561192A3EA8970096E211 /* Game Design */,
				AF0561172A3EA8300096E211 /* Audio */,
				AF1C63D229D98B1600710916 /* SceneKit Asset Catalog.scnassets */,
				AFD4C04E29CFA48200A127BB /* Starhaven */,
				AFC43CD929D7CF200080E891 /* Privacy Policy.txt */,
				AF67FBB429F7C0CB007CE669 /* Launch Screen.storyboard */,
				AF07021C29E120D300667F9B /* Assets.xcassets */,
				AFD4C04D29CFA48200A127BB /* Products */,
				AFD4C06929CFFB4E00A127BB /* Frameworks */,
			);
			sourceTree = "<group>";
		};
		AFD4C04D29CFA48200A127BB /* Products */ = {
			isa = PBXGroup;
			children = (
				AFD4C04C29CFA48200A127BB /* Starhaven.app */,
			);
			name = Products;
			sourceTree = "<group>";
		};
		AFD4C04E29CFA48200A127BB /* Starhaven */ = {
			isa = PBXGroup;
			children = (
				4948D7BA2A53ECAF006FE8FE /* Starhaven.entitlements */,
				AFAA93A02A4BE08D001718D6 /* Info.plist */,
				AFD4C04F29CFA48200A127BB /* StarhavenApp.swift */,
				AFF42A8829E773FD00B6C603 /* Views */,
				AFD7EEBE2A2E891D00A92162 /* ViewModel */,
				AFD7EEBF2A2E892500A92162 /* Things */,
				AFD4C06329CFAAFC00A127BB /* Extensions.swift */,
				AFD4C05329CFA48400A127BB /* Assets.xcassets */,
				AFD4C05529CFA48400A127BB /* Preview Content */,
			);
			path = Starhaven;
			sourceTree = "<group>";
		};
		AFD4C05529CFA48400A127BB /* Preview Content */ = {
			isa = PBXGroup;
			children = (
				AFD4C05629CFA48400A127BB /* Preview Assets.xcassets */,
			);
			path = "Preview Content";
			sourceTree = "<group>";
		};
		AFD4C06929CFFB4E00A127BB /* Frameworks */ = {
			isa = PBXGroup;
			children = (
				AFD4C06A29CFFB4E00A127BB /* SceneKit.framework */,
			);
			name = Frameworks;
			sourceTree = "<group>";
		};
		AFD7EEBE2A2E891D00A92162 /* ViewModel */ = {
			isa = PBXGroup;
			children = (
				AF6388E229DF79090086C90F /* SpacegroundViewModel.swift */,
				AF12B9A82A33DFFF0068D352 /* Physics.swift */,
			);
			path = ViewModel;
			sourceTree = "<group>";
		};
		AFD7EEBF2A2E892500A92162 /* Things */ = {
			isa = PBXGroup;
			children = (
				AFDE46E729F908CA00401509 /* Ecosystem.swift */,
				AFDE46ED29F9125800401509 /* Agents */,
				AFDE46EB29F911F600401509 /* Projectiles */,
				AFD7EEB82A2C83A600A92162 /* IntroCutscene.swift */,
			);
			path = Things;
			sourceTree = "<group>";
		};
		AFDE46EB29F911F600401509 /* Projectiles */ = {
			isa = PBXGroup;
			children = (
				AF9FD3802A02E64D00F5F2AC /* GhostMissile.swift */,
				AFF42A8529E6689800B6C603 /* Missile.swift */,
				AFAAB44A29F468D3007D5A2F /* Laser.swift */,
			);
			path = Projectiles;
			sourceTree = "<group>";
		};
		AFDE46EC29F9121500401509 /* Heads-Up Display */ = {
			isa = PBXGroup;
			children = (
				AF6388DB29DF77B80086C90F /* HUD.swift */,
				AF5B368E2A0AA9650075581E /* Custom Slider.swift */,
				AF28B9B929E4C9A7002FEAB5 /* Reticle.swift */,
			);
			path = "Heads-Up Display";
			sourceTree = "<group>";
		};
		AFDE46ED29F9125800401509 /* Agents */ = {
			isa = PBXGroup;
			children = (
				AFDE46EF29F912B100401509 /* Player */,
				AFDE46EE29F9128E00401509 /* Ghosts */,
			);
			path = Agents;
			sourceTree = "<group>";
		};
		AFDE46EE29F9128E00401509 /* Ghosts */ = {
			isa = PBXGroup;
			children = (
				AFDE46E929F911A800401509 /* FactionSystem.swift */,
				AFDE46F129F91E2400401509 /* Dreadknought.swift */,
				AF67FBB029F78C0B007CE669 /* Drone.swift */,
				AF778F0729F9F44700F299E5 /* Raider.swift */,
				AFC92EDA2A12B8BE0042697B /* HomeScreen.swift */,
			);
			path = Ghosts;
			sourceTree = "<group>";
		};
		AFDE46EF29F912B100401509 /* Player */ = {
			isa = PBXGroup;
			children = (
				AF6388DD29DF77DF0086C90F /* VelocityBuffer.swift */,
				AF6388DF29DF78430086C90F /* Ship.swift */,
			);
			path = Player;
			sourceTree = "<group>";
		};
		AFF42A8729E773D000B6C603 /* Celestial Objects */ = {
			isa = PBXGroup;
			children = (
				AF6388E629DFC9610086C90F /* Star.swift */,
				4956C81A2A5BC7040003D9D4 /* WaterPlanet.swift */,
				AF3D1DA52A0A006600A8F2C7 /* Planet.swift */,
				AFD4C05D29CFA49500A127BB /* BlackHole.swift */,
				4956C8032A5B64E80003D9D4 /* BH.swift */,
				AFD4C06529CFAF5100A127BB /* CustomTorus.swift */,
			);
			path = "Celestial Objects";
			sourceTree = "<group>";
		};
		AFF42A8829E773FD00B6C603 /* Views */ = {
			isa = PBXGroup;
			children = (
				AFDBFDD929DD2775006DEB3E /* ContentView.swift */,
				AF6D0AF72A35C2A4001C1DEB /* SettingsScreen.swift */,
				AF6D0AF52A35BF2E001C1DEB /* LoadingScreen.swift */,
				AFAFEF472A43ED1200247BAF /* IntroScreen.swift */,
				AF6388D929DF77940086C90F /* Space.swift */,
				AFDE46EC29F9121500401509 /* Heads-Up Display */,
			);
			path = Views;
			sourceTree = "<group>";
		};
/* End PBXGroup section */

/* Begin PBXNativeTarget section */
		AFD4C04B29CFA48200A127BB /* Starhaven */ = {
			isa = PBXNativeTarget;
			buildConfigurationList = AFD4C05A29CFA48400A127BB /* Build configuration list for PBXNativeTarget "Starhaven" */;
			buildPhases = (
				AFD4C04829CFA48200A127BB /* Sources */,
				AFD4C04929CFA48200A127BB /* Frameworks */,
				AFD4C04A29CFA48200A127BB /* Resources */,
			);
			buildRules = (
			);
			dependencies = (
			);
			name = Starhaven;
			productName = Starhaven;
			productReference = AFD4C04C29CFA48200A127BB /* Starhaven.app */;
			productType = "com.apple.product-type.application";
		};
/* End PBXNativeTarget section */

/* Begin PBXProject section */
		AFD4C04429CFA48200A127BB /* Project object */ = {
			isa = PBXProject;
			attributes = {
				BuildIndependentTargetsInParallel = 1;
				LastSwiftUpdateCheck = 1420;
				LastUpgradeCheck = 1500;
				TargetAttributes = {
					AFD4C04B29CFA48200A127BB = {
						CreatedOnToolsVersion = 14.2;
					};
				};
			};
			buildConfigurationList = AFD4C04729CFA48200A127BB /* Build configuration list for PBXProject "Starhaven" */;
			compatibilityVersion = "Xcode 14.0";
			developmentRegion = en;
			hasScannedForEncodings = 0;
			knownRegions = (
				en,
				Base,
			);
			mainGroup = AFD4C04329CFA48200A127BB;
			productRefGroup = AFD4C04D29CFA48200A127BB /* Products */;
			projectDirPath = "";
			projectRoot = "";
			targets = (
				AFD4C04B29CFA48200A127BB /* Starhaven */,
			);
		};
/* End PBXProject section */

/* Begin PBXResourcesBuildPhase section */
		AFD4C04A29CFA48200A127BB /* Resources */ = {
			isa = PBXResourcesBuildPhase;
			buildActionMask = 2147483647;
			files = (
				AFD4C05729CFA48400A127BB /* Preview Assets.xcassets in Resources */,
				4948D7AA2A53933A006FE8FE /* innerHDU.obj in Resources */,
				498A977D2A5E5D2E00A03559 /* harvest1.aif in Resources */,
				4948D7AB2A53933A006FE8FE /* outerHDU.obj in Resources */,
				4956C8212A5BCDB30003D9D4 /* cloudTexture.png in Resources */,
				4948D7A62A53933A006FE8FE /* innerHDU.mtl in Resources */,
				4948D79E2A53933A006FE8FE /* README.txt in Resources */,
				498A97752A5E58DB00A03559 /* Explosion.aif in Resources */,
				4956C8192A5BC2680003D9D4 /* base.jpg in Resources */,
				498A977A2A5E5D2E00A03559 /* harvest3.aif in Resources */,
				4948D7A22A53933A006FE8FE /* panelbump.jpg in Resources */,
				49CA94232A5D0BCE00E3D8A2 /* HVN2.mp3 in Resources */,
				AFD4C05429CFA48400A127BB /* Assets.xcassets in Resources */,
				4948D7AE2A53933A006FE8FE /* Turret_Normal.jpg in Resources */,
				AF1C63D329D98B1600710916 /* SceneKit Asset Catalog.scnassets in Resources */,
				4948D7AC2A53933A006FE8FE /* Sci Fi AA Turret.mtl in Resources */,
				4948D7AD2A53933A006FE8FE /* TankCannon.obj in Resources */,
				4948D7A92A53933A006FE8FE /* Sci Fi AA Turret.obj in Resources */,
				498A977C2A5E5D2E00A03559 /* harvest2.aif in Resources */,
				4948D7B52A5397AE006FE8FE /* Raider.obj in Resources */,
				4948D7A72A53933A006FE8FE /* objSolar.mtl in Resources */,
				AF07021E29E120D300667F9B /* Assets.xcassets in Resources */,
				AFC43CDA29D7CF200080E891 /* Privacy Policy.txt in Resources */,
				4948D7AF2A53933A006FE8FE /* Turret_Color.jpg in Resources */,
				4948D7A82A53933A006FE8FE /* outerHDU.mtl in Resources */,
				4948D7A02A53933A006FE8FE /* panel.jpg in Resources */,
				4948D7A52A53933A006FE8FE /* HDU_01.jpg in Resources */,
				4948D7B92A53C8A6006FE8FE /* Earth.jpg in Resources */,
				4948D7A42A53933A006FE8FE /* objSolar.obj in Resources */,
				498A977B2A5E5D2E00A03559 /* harvest4.aif in Resources */,
				AF67FBB529F7C0CB007CE669 /* Launch Screen.storyboard in Resources */,
				4948D79F2A53933A006FE8FE /* Turret_Reflection.jpg in Resources */,
				4948D7B72A5397BD006FE8FE /* Raider.mtl in Resources */,
				4948D7A12A53933A006FE8FE /* HDU_02.jpg in Resources */,
			);
			runOnlyForDeploymentPostprocessing = 0;
		};
/* End PBXResourcesBuildPhase section */

/* Begin PBXSourcesBuildPhase section */
		AFD4C04829CFA48200A127BB /* Sources */ = {
			isa = PBXSourcesBuildPhase;
			buildActionMask = 2147483647;
			files = (
				AFDE46E829F908CA00401509 /* Ecosystem.swift in Sources */,
				AF6388DA29DF77940086C90F /* Space.swift in Sources */,
				4956C8162A5BC2100003D9D4 /* ModelManager.swift in Sources */,
				AF5B368F2A0AA9660075581E /* Custom Slider.swift in Sources */,
				AF3D1DA62A0A006600A8F2C7 /* Planet.swift in Sources */,
				AFD4C06429CFAAFC00A127BB /* Extensions.swift in Sources */,
				AF6D0AF82A35C2A4001C1DEB /* SettingsScreen.swift in Sources */,
				AFC92EDB2A12B8BE0042697B /* HomeScreen.swift in Sources */,
				4956C8112A5BC2100003D9D4 /* ParticleManager.swift in Sources */,
				AF778F0829F9F44700F299E5 /* Raider.swift in Sources */,
				AFDE46E429F8A17500401509 /* Faction.swift in Sources */,
				4956C8172A5BC2100003D9D4 /* CameraManager.swift in Sources */,
				49980BDB2A5CA3F500DB70A6 /* OSNRMissile.swift in Sources */,
				AF6388E729DFC9610086C90F /* Star.swift in Sources */,
				AFD4C05029CFA48200A127BB /* StarhavenApp.swift in Sources */,
				AFE668A02A4277C00049D599 /* AI.swift in Sources */,
				4956C8042A5B64E80003D9D4 /* BH.swift in Sources */,
				AFDE46EA29F911A800401509 /* FactionSystem.swift in Sources */,
				AFF42A8629E6689800B6C603 /* Missile.swift in Sources */,
				AF6388E029DF78430086C90F /* Ship.swift in Sources */,
				4956C8072A5BB0EF0003D9D4 /* SwiftUI Views.swift in Sources */,
				AFAAB44B29F468D3007D5A2F /* Laser.swift in Sources */,
				AFD7EEB92A2C83A600A92162 /* IntroCutscene.swift in Sources */,
				4956C8232A5C68160003D9D4 /* CelestialManager.swift in Sources */,
				AFAAB44D29F47B8F007D5A2F /* CollisionCategory.swift in Sources */,
				AF12B9A92A33DFFF0068D352 /* Physics.swift in Sources */,
				AFDBFDDA29DD2775006DEB3E /* ContentView.swift in Sources */,
				AF6D0AF62A35BF2E001C1DEB /* LoadingScreen.swift in Sources */,
				AFAA93932A4B91AB001718D6 /* Moonbase.swift in Sources */,
				AFAFEF482A43ED1200247BAF /* IntroScreen.swift in Sources */,
				AFD4C05E29CFA49500A127BB /* BlackHole.swift in Sources */,
				AF28B9BA29E4C9A7002FEAB5 /* Reticle.swift in Sources */,
				4956C8092A5BC1350003D9D4 /* AudioManager.swift in Sources */,
				AFD4C06629CFAF5100A127BB /* CustomTorus.swift in Sources */,
				AF6388E329DF79090086C90F /* SpacegroundViewModel.swift in Sources */,
				4956C8142A5BC2100003D9D4 /* SceneManager.swift in Sources */,
				4956C8152A5BC2100003D9D4 /* ShipManager.swift in Sources */,
				AF67FBB129F78C0B007CE669 /* Drone.swift in Sources */,
				4956C8122A5BC2100003D9D4 /* GameManager.swift in Sources */,
				AF6388DC29DF77B80086C90F /* HUD.swift in Sources */,
				AFDE46F229F91E2400401509 /* Dreadknought.swift in Sources */,
				4956C81B2A5BC7040003D9D4 /* WaterPlanet.swift in Sources */,
				AF6388DE29DF77DF0086C90F /* VelocityBuffer.swift in Sources */,
				4956C8132A5BC2100003D9D4 /* PhysicsManager.swift in Sources */,
				AF05610F2A3E99E80096E211 /* Level.swift in Sources */,
				AF9FD3812A02E64D00F5F2AC /* GhostMissile.swift in Sources */,
			);
			runOnlyForDeploymentPostprocessing = 0;
		};
/* End PBXSourcesBuildPhase section */

/* Begin XCBuildConfiguration section */
		AFD4C05829CFA48400A127BB /* Debug */ = {
			isa = XCBuildConfiguration;
			buildSettings = {
				ALWAYS_SEARCH_USER_PATHS = NO;
				CLANG_ANALYZER_NONNULL = YES;
				CLANG_ANALYZER_NUMBER_OBJECT_CONVERSION = YES_AGGRESSIVE;
				CLANG_CXX_LANGUAGE_STANDARD = "gnu++20";
				CLANG_ENABLE_MODULES = YES;
				CLANG_ENABLE_OBJC_ARC = YES;
				CLANG_ENABLE_OBJC_WEAK = YES;
				CLANG_WARN_BLOCK_CAPTURE_AUTORELEASING = YES;
				CLANG_WARN_BOOL_CONVERSION = YES;
				CLANG_WARN_COMMA = YES;
				CLANG_WARN_CONSTANT_CONVERSION = YES;
				CLANG_WARN_DEPRECATED_OBJC_IMPLEMENTATIONS = YES;
				CLANG_WARN_DIRECT_OBJC_ISA_USAGE = YES_ERROR;
				CLANG_WARN_DOCUMENTATION_COMMENTS = YES;
				CLANG_WARN_EMPTY_BODY = YES;
				CLANG_WARN_ENUM_CONVERSION = YES;
				CLANG_WARN_INFINITE_RECURSION = YES;
				CLANG_WARN_INT_CONVERSION = YES;
				CLANG_WARN_NON_LITERAL_NULL_CONVERSION = YES;
				CLANG_WARN_OBJC_IMPLICIT_RETAIN_SELF = YES;
				CLANG_WARN_OBJC_LITERAL_CONVERSION = YES;
				CLANG_WARN_OBJC_ROOT_CLASS = YES_ERROR;
				CLANG_WARN_QUOTED_INCLUDE_IN_FRAMEWORK_HEADER = YES;
				CLANG_WARN_RANGE_LOOP_ANALYSIS = YES;
				CLANG_WARN_STRICT_PROTOTYPES = YES;
				CLANG_WARN_SUSPICIOUS_MOVE = YES;
				CLANG_WARN_UNGUARDED_AVAILABILITY = YES_AGGRESSIVE;
				CLANG_WARN_UNREACHABLE_CODE = YES;
				CLANG_WARN__DUPLICATE_METHOD_MATCH = YES;
				COPY_PHASE_STRIP = NO;
				DEBUG_INFORMATION_FORMAT = dwarf;
				ENABLE_STRICT_OBJC_MSGSEND = YES;
				ENABLE_TESTABILITY = YES;
				GCC_C_LANGUAGE_STANDARD = gnu11;
				GCC_DYNAMIC_NO_PIC = NO;
				GCC_NO_COMMON_BLOCKS = YES;
				GCC_OPTIMIZATION_LEVEL = 0;
				GCC_PREPROCESSOR_DEFINITIONS = (
					"DEBUG=1",
					"$(inherited)",
				);
				GCC_WARN_64_TO_32_BIT_CONVERSION = YES;
				GCC_WARN_ABOUT_RETURN_TYPE = YES_ERROR;
				GCC_WARN_UNDECLARED_SELECTOR = YES;
				GCC_WARN_UNINITIALIZED_AUTOS = YES_AGGRESSIVE;
				GCC_WARN_UNUSED_FUNCTION = YES;
				GCC_WARN_UNUSED_VARIABLE = YES;
				IPHONEOS_DEPLOYMENT_TARGET = 16.0;
				MTL_ENABLE_DEBUG_INFO = INCLUDE_SOURCE;
				MTL_FAST_MATH = YES;
				ONLY_ACTIVE_ARCH = YES;
				SDKROOT = iphoneos;
				SWIFT_ACTIVE_COMPILATION_CONDITIONS = DEBUG;
				SWIFT_OPTIMIZATION_LEVEL = "-Onone";
			};
			name = Debug;
		};
		AFD4C05929CFA48400A127BB /* Release */ = {
			isa = XCBuildConfiguration;
			buildSettings = {
				ALWAYS_SEARCH_USER_PATHS = NO;
				CLANG_ANALYZER_NONNULL = YES;
				CLANG_ANALYZER_NUMBER_OBJECT_CONVERSION = YES_AGGRESSIVE;
				CLANG_CXX_LANGUAGE_STANDARD = "gnu++20";
				CLANG_ENABLE_MODULES = YES;
				CLANG_ENABLE_OBJC_ARC = YES;
				CLANG_ENABLE_OBJC_WEAK = YES;
				CLANG_WARN_BLOCK_CAPTURE_AUTORELEASING = YES;
				CLANG_WARN_BOOL_CONVERSION = YES;
				CLANG_WARN_COMMA = YES;
				CLANG_WARN_CONSTANT_CONVERSION = YES;
				CLANG_WARN_DEPRECATED_OBJC_IMPLEMENTATIONS = YES;
				CLANG_WARN_DIRECT_OBJC_ISA_USAGE = YES_ERROR;
				CLANG_WARN_DOCUMENTATION_COMMENTS = YES;
				CLANG_WARN_EMPTY_BODY = YES;
				CLANG_WARN_ENUM_CONVERSION = YES;
				CLANG_WARN_INFINITE_RECURSION = YES;
				CLANG_WARN_INT_CONVERSION = YES;
				CLANG_WARN_NON_LITERAL_NULL_CONVERSION = YES;
				CLANG_WARN_OBJC_IMPLICIT_RETAIN_SELF = YES;
				CLANG_WARN_OBJC_LITERAL_CONVERSION = YES;
				CLANG_WARN_OBJC_ROOT_CLASS = YES_ERROR;
				CLANG_WARN_QUOTED_INCLUDE_IN_FRAMEWORK_HEADER = YES;
				CLANG_WARN_RANGE_LOOP_ANALYSIS = YES;
				CLANG_WARN_STRICT_PROTOTYPES = YES;
				CLANG_WARN_SUSPICIOUS_MOVE = YES;
				CLANG_WARN_UNGUARDED_AVAILABILITY = YES_AGGRESSIVE;
				CLANG_WARN_UNREACHABLE_CODE = YES;
				CLANG_WARN__DUPLICATE_METHOD_MATCH = YES;
				COPY_PHASE_STRIP = NO;
				DEBUG_INFORMATION_FORMAT = "dwarf-with-dsym";
				ENABLE_NS_ASSERTIONS = NO;
				ENABLE_STRICT_OBJC_MSGSEND = YES;
				GCC_C_LANGUAGE_STANDARD = gnu11;
				GCC_NO_COMMON_BLOCKS = YES;
				GCC_WARN_64_TO_32_BIT_CONVERSION = YES;
				GCC_WARN_ABOUT_RETURN_TYPE = YES_ERROR;
				GCC_WARN_UNDECLARED_SELECTOR = YES;
				GCC_WARN_UNINITIALIZED_AUTOS = YES_AGGRESSIVE;
				GCC_WARN_UNUSED_FUNCTION = YES;
				GCC_WARN_UNUSED_VARIABLE = YES;
				IPHONEOS_DEPLOYMENT_TARGET = 16.0;
				MTL_ENABLE_DEBUG_INFO = NO;
				MTL_FAST_MATH = YES;
				SDKROOT = iphoneos;
				SWIFT_COMPILATION_MODE = wholemodule;
				SWIFT_OPTIMIZATION_LEVEL = "-O";
				VALIDATE_PRODUCT = YES;
			};
			name = Release;
		};
		AFD4C05B29CFA48400A127BB /* Debug */ = {
			isa = XCBuildConfiguration;
			buildSettings = {
				ASSETCATALOG_COMPILER_APPICON_NAME = AppIcon;
				ASSETCATALOG_COMPILER_GLOBAL_ACCENT_COLOR_NAME = AccentColor;
				CODE_SIGN_ENTITLEMENTS = Starhaven/Starhaven.entitlements;
				CODE_SIGN_STYLE = Automatic;
				CURRENT_PROJECT_VERSION = 3;
				DEVELOPMENT_ASSET_PATHS = "\"Starhaven/Preview Content\"";
				DEVELOPMENT_TEAM = QTK9J7VK88;
				ENABLE_PREVIEWS = YES;
				GENERATE_INFOPLIST_FILE = YES;
				INFOPLIST_FILE = Starhaven/Info.plist;
				INFOPLIST_KEY_CFBundleDisplayName = starHaven;
				INFOPLIST_KEY_LSApplicationCategoryType = "public.app-category.action-games";
				INFOPLIST_KEY_NSCameraUsageDescription = "This app uses the camera for augmented reality experiences.";
				INFOPLIST_KEY_UIApplicationSceneManifest_Generation = YES;
				INFOPLIST_KEY_UIApplicationSupportsIndirectInputEvents = YES;
				INFOPLIST_KEY_UILaunchScreen_Generation = YES;
				INFOPLIST_KEY_UILaunchStoryboardName = "Launch Screen.storyboard";
				INFOPLIST_KEY_UIRequiresFullScreen = YES;
				INFOPLIST_KEY_UISupportedInterfaceOrientations = UIInterfaceOrientationLandscapeRight;
				IPHONEOS_DEPLOYMENT_TARGET = 16.0;
				LD_RUNPATH_SEARCH_PATHS = (
					"$(inherited)",
					"@executable_path/Frameworks",
				);
				MARKETING_VERSION = 2.1;
				PRODUCT_BUNDLE_IDENTIFIER = com.alphaHalcyon.starHaven;
				PRODUCT_NAME = "$(TARGET_NAME)";
				SUPPORTED_PLATFORMS = "iphoneos iphonesimulator";
				SUPPORTS_MACCATALYST = NO;
				SUPPORTS_MAC_DESIGNED_FOR_IPHONE_IPAD = NO;
				SUPPORTS_XR_DESIGNED_FOR_IPHONE_IPAD = NO;
				SWIFT_EMIT_LOC_STRINGS = YES;
				SWIFT_VERSION = 5.0;
				TARGETED_DEVICE_FAMILY = "1,2";
			};
			name = Debug;
		};
		AFD4C05C29CFA48400A127BB /* Release */ = {
			isa = XCBuildConfiguration;
			buildSettings = {
				ASSETCATALOG_COMPILER_APPICON_NAME = AppIcon;
				ASSETCATALOG_COMPILER_GLOBAL_ACCENT_COLOR_NAME = AccentColor;
				CODE_SIGN_ENTITLEMENTS = Starhaven/Starhaven.entitlements;
				CODE_SIGN_STYLE = Automatic;
				CURRENT_PROJECT_VERSION = 3;
				DEVELOPMENT_ASSET_PATHS = "\"Starhaven/Preview Content\"";
				DEVELOPMENT_TEAM = QTK9J7VK88;
				ENABLE_PREVIEWS = YES;
				GENERATE_INFOPLIST_FILE = YES;
				INFOPLIST_FILE = Starhaven/Info.plist;
				INFOPLIST_KEY_CFBundleDisplayName = starHaven;
				INFOPLIST_KEY_LSApplicationCategoryType = "public.app-category.action-games";
				INFOPLIST_KEY_NSCameraUsageDescription = "This app uses the camera for augmented reality experiences.";
				INFOPLIST_KEY_UIApplicationSceneManifest_Generation = YES;
				INFOPLIST_KEY_UIApplicationSupportsIndirectInputEvents = YES;
				INFOPLIST_KEY_UILaunchScreen_Generation = YES;
				INFOPLIST_KEY_UILaunchStoryboardName = "Launch Screen.storyboard";
				INFOPLIST_KEY_UIRequiresFullScreen = YES;
				INFOPLIST_KEY_UISupportedInterfaceOrientations = UIInterfaceOrientationLandscapeRight;
				IPHONEOS_DEPLOYMENT_TARGET = 16.0;
				LD_RUNPATH_SEARCH_PATHS = (
					"$(inherited)",
					"@executable_path/Frameworks",
				);
				MARKETING_VERSION = 2.1;
				PRODUCT_BUNDLE_IDENTIFIER = com.alphaHalcyon.starHaven;
				PRODUCT_NAME = "$(TARGET_NAME)";
				SUPPORTED_PLATFORMS = "iphoneos iphonesimulator";
				SUPPORTS_MACCATALYST = NO;
				SUPPORTS_MAC_DESIGNED_FOR_IPHONE_IPAD = NO;
				SUPPORTS_XR_DESIGNED_FOR_IPHONE_IPAD = NO;
				SWIFT_EMIT_LOC_STRINGS = YES;
				SWIFT_VERSION = 5.0;
				TARGETED_DEVICE_FAMILY = "1,2";
			};
			name = Release;
		};
/* End XCBuildConfiguration section */

/* Begin XCConfigurationList section */
		AFD4C04729CFA48200A127BB /* Build configuration list for PBXProject "Starhaven" */ = {
			isa = XCConfigurationList;
			buildConfigurations = (
				AFD4C05829CFA48400A127BB /* Debug */,
				AFD4C05929CFA48400A127BB /* Release */,
			);
			defaultConfigurationIsVisible = 0;
			defaultConfigurationName = Release;
		};
		AFD4C05A29CFA48400A127BB /* Build configuration list for PBXNativeTarget "Starhaven" */ = {
			isa = XCConfigurationList;
			buildConfigurations = (
				AFD4C05B29CFA48400A127BB /* Debug */,
				AFD4C05C29CFA48400A127BB /* Release */,
			);
			defaultConfigurationIsVisible = 0;
			defaultConfigurationName = Release;
		};
/* End XCConfigurationList section */
	};
	rootObject = AFD4C04429CFA48200A127BB /* Project object */;
}
