// !$*UTF8*$!
{
	archiveVersion = 1;
	classes = {
	};
	objectVersion = 56;
	objects = {

/* Begin PBXBuildFile section */
		AF07021E29E120D300667F9B /* Assets.xcassets in Resources */ = {isa = PBXBuildFile; fileRef = AF07021C29E120D300667F9B /* Assets.xcassets */; };
		AF1C63D329D98B1600710916 /* SceneKit Asset Catalog.scnassets in Resources */ = {isa = PBXBuildFile; fileRef = AF1C63D229D98B1600710916 /* SceneKit Asset Catalog.scnassets */; };
		AF28B9BA29E4C9A7002FEAB5 /* Reticle.swift in Sources */ = {isa = PBXBuildFile; fileRef = AF28B9B929E4C9A7002FEAB5 /* Reticle.swift */; };
		AF6388DA29DF77940086C90F /* Space.swift in Sources */ = {isa = PBXBuildFile; fileRef = AF6388D929DF77940086C90F /* Space.swift */; };
		AF6388DC29DF77B80086C90F /* HUD.swift in Sources */ = {isa = PBXBuildFile; fileRef = AF6388DB29DF77B80086C90F /* HUD.swift */; };
		AF6388DE29DF77DF0086C90F /* VelocityBuffer.swift in Sources */ = {isa = PBXBuildFile; fileRef = AF6388DD29DF77DF0086C90F /* VelocityBuffer.swift */; };
		AF6388E029DF78430086C90F /* Ship.swift in Sources */ = {isa = PBXBuildFile; fileRef = AF6388DF29DF78430086C90F /* Ship.swift */; };
		AF6388E329DF79090086C90F /* SpacegroundViewModel.swift in Sources */ = {isa = PBXBuildFile; fileRef = AF6388E229DF79090086C90F /* SpacegroundViewModel.swift */; };
		AF6388E729DFC9610086C90F /* Star.swift in Sources */ = {isa = PBXBuildFile; fileRef = AF6388E629DFC9610086C90F /* Star.swift */; };
		AF67FBB129F78C0B007CE669 /* AssaultDrone.swift in Sources */ = {isa = PBXBuildFile; fileRef = AF67FBB029F78C0B007CE669 /* AssaultDrone.swift */; };
		AF67FBB529F7C0CB007CE669 /* Launch Screen.storyboard in Resources */ = {isa = PBXBuildFile; fileRef = AF67FBB429F7C0CB007CE669 /* Launch Screen.storyboard */; };
		AFAAB44B29F468D3007D5A2F /* Laser.swift in Sources */ = {isa = PBXBuildFile; fileRef = AFAAB44A29F468D3007D5A2F /* Laser.swift */; };
		AFAAB44D29F47B8F007D5A2F /* CollisionCategory.swift in Sources */ = {isa = PBXBuildFile; fileRef = AFAAB44C29F47B8F007D5A2F /* CollisionCategory.swift */; };
		AFC43CCA29D771790080E891 /* SceneKit.framework in Frameworks */ = {isa = PBXBuildFile; fileRef = AFD4C06A29CFFB4E00A127BB /* SceneKit.framework */; };
		AFC43CDA29D7CF200080E891 /* Privacy Policy.txt in Resources */ = {isa = PBXBuildFile; fileRef = AFC43CD929D7CF200080E891 /* Privacy Policy.txt */; };
		AFD4C05029CFA48200A127BB /* StarhavenApp.swift in Sources */ = {isa = PBXBuildFile; fileRef = AFD4C04F29CFA48200A127BB /* StarhavenApp.swift */; };
		AFD4C05429CFA48400A127BB /* Assets.xcassets in Resources */ = {isa = PBXBuildFile; fileRef = AFD4C05329CFA48400A127BB /* Assets.xcassets */; };
		AFD4C05729CFA48400A127BB /* Preview Assets.xcassets in Resources */ = {isa = PBXBuildFile; fileRef = AFD4C05629CFA48400A127BB /* Preview Assets.xcassets */; };
		AFD4C05E29CFA49500A127BB /* BlackHole.swift in Sources */ = {isa = PBXBuildFile; fileRef = AFD4C05D29CFA49500A127BB /* BlackHole.swift */; };
		AFD4C06429CFAAFC00A127BB /* Extensions.swift in Sources */ = {isa = PBXBuildFile; fileRef = AFD4C06329CFAAFC00A127BB /* Extensions.swift */; };
		AFD4C06629CFAF5100A127BB /* CustomTorus.swift in Sources */ = {isa = PBXBuildFile; fileRef = AFD4C06529CFAF5100A127BB /* CustomTorus.swift */; };
		AFDBFDDA29DD2775006DEB3E /* Spaceground.swift in Sources */ = {isa = PBXBuildFile; fileRef = AFDBFDD929DD2775006DEB3E /* Spaceground.swift */; };
		AFDE46E429F8A17500401509 /* GhostEnums.swift in Sources */ = {isa = PBXBuildFile; fileRef = AFDE46E329F8A17500401509 /* GhostEnums.swift */; };
		AFDE46E829F908CA00401509 /* Ecosystem.swift in Sources */ = {isa = PBXBuildFile; fileRef = AFDE46E729F908CA00401509 /* Ecosystem.swift */; };
		AFDE46EA29F911A800401509 /* Ghosts.swift in Sources */ = {isa = PBXBuildFile; fileRef = AFDE46E929F911A800401509 /* Ghosts.swift */; };
		AFF42A8629E6689800B6C603 /* Missile.swift in Sources */ = {isa = PBXBuildFile; fileRef = AFF42A8529E6689800B6C603 /* Missile.swift */; };
/* End PBXBuildFile section */

/* Begin PBXFileReference section */
		AF07021C29E120D300667F9B /* Assets.xcassets */ = {isa = PBXFileReference; lastKnownFileType = folder.assetcatalog; path = Assets.xcassets; sourceTree = "<group>"; };
		AF1C63D229D98B1600710916 /* SceneKit Asset Catalog.scnassets */ = {isa = PBXFileReference; lastKnownFileType = wrapper.scnassets; path = "SceneKit Asset Catalog.scnassets"; sourceTree = "<group>"; };
		AF28B9B929E4C9A7002FEAB5 /* Reticle.swift */ = {isa = PBXFileReference; lastKnownFileType = sourcecode.swift; path = Reticle.swift; sourceTree = "<group>"; };
		AF6388D929DF77940086C90F /* Space.swift */ = {isa = PBXFileReference; lastKnownFileType = sourcecode.swift; path = Space.swift; sourceTree = "<group>"; };
		AF6388DB29DF77B80086C90F /* HUD.swift */ = {isa = PBXFileReference; lastKnownFileType = sourcecode.swift; path = HUD.swift; sourceTree = "<group>"; };
		AF6388DD29DF77DF0086C90F /* VelocityBuffer.swift */ = {isa = PBXFileReference; lastKnownFileType = sourcecode.swift; path = VelocityBuffer.swift; sourceTree = "<group>"; };
		AF6388DF29DF78430086C90F /* Ship.swift */ = {isa = PBXFileReference; lastKnownFileType = sourcecode.swift; path = Ship.swift; sourceTree = "<group>"; };
		AF6388E229DF79090086C90F /* SpacegroundViewModel.swift */ = {isa = PBXFileReference; lastKnownFileType = sourcecode.swift; path = SpacegroundViewModel.swift; sourceTree = "<group>"; };
		AF6388E629DFC9610086C90F /* Star.swift */ = {isa = PBXFileReference; lastKnownFileType = sourcecode.swift; path = Star.swift; sourceTree = "<group>"; };
		AF67FBB029F78C0B007CE669 /* AssaultDrone.swift */ = {isa = PBXFileReference; lastKnownFileType = sourcecode.swift; path = AssaultDrone.swift; sourceTree = "<group>"; };
		AF67FBB429F7C0CB007CE669 /* Launch Screen.storyboard */ = {isa = PBXFileReference; lastKnownFileType = file.storyboard; path = "Launch Screen.storyboard"; sourceTree = "<group>"; };
		AFAAB44A29F468D3007D5A2F /* Laser.swift */ = {isa = PBXFileReference; lastKnownFileType = sourcecode.swift; path = Laser.swift; sourceTree = "<group>"; };
		AFAAB44C29F47B8F007D5A2F /* CollisionCategory.swift */ = {isa = PBXFileReference; lastKnownFileType = sourcecode.swift; path = CollisionCategory.swift; sourceTree = "<group>"; };
		AFC43CD929D7CF200080E891 /* Privacy Policy.txt */ = {isa = PBXFileReference; lastKnownFileType = text; path = "Privacy Policy.txt"; sourceTree = "<group>"; };
		AFD4C04C29CFA48200A127BB /* Starhaven.app */ = {isa = PBXFileReference; explicitFileType = wrapper.application; includeInIndex = 0; path = Starhaven.app; sourceTree = BUILT_PRODUCTS_DIR; };
		AFD4C04F29CFA48200A127BB /* StarhavenApp.swift */ = {isa = PBXFileReference; lastKnownFileType = sourcecode.swift; path = StarhavenApp.swift; sourceTree = "<group>"; };
		AFD4C05329CFA48400A127BB /* Assets.xcassets */ = {isa = PBXFileReference; lastKnownFileType = folder.assetcatalog; path = Assets.xcassets; sourceTree = "<group>"; };
		AFD4C05629CFA48400A127BB /* Preview Assets.xcassets */ = {isa = PBXFileReference; lastKnownFileType = folder.assetcatalog; path = "Preview Assets.xcassets"; sourceTree = "<group>"; };
		AFD4C05D29CFA49500A127BB /* BlackHole.swift */ = {isa = PBXFileReference; lastKnownFileType = sourcecode.swift; path = BlackHole.swift; sourceTree = "<group>"; };
		AFD4C06329CFAAFC00A127BB /* Extensions.swift */ = {isa = PBXFileReference; lastKnownFileType = sourcecode.swift; path = Extensions.swift; sourceTree = "<group>"; };
		AFD4C06529CFAF5100A127BB /* CustomTorus.swift */ = {isa = PBXFileReference; lastKnownFileType = sourcecode.swift; path = CustomTorus.swift; sourceTree = "<group>"; };
		AFD4C06A29CFFB4E00A127BB /* SceneKit.framework */ = {isa = PBXFileReference; lastKnownFileType = wrapper.framework; name = SceneKit.framework; path = System/Library/Frameworks/SceneKit.framework; sourceTree = SDKROOT; };
		AFDBFDD929DD2775006DEB3E /* Spaceground.swift */ = {isa = PBXFileReference; lastKnownFileType = sourcecode.swift; path = Spaceground.swift; sourceTree = "<group>"; };
		AFDE46E329F8A17500401509 /* GhostEnums.swift */ = {isa = PBXFileReference; lastKnownFileType = sourcecode.swift; path = GhostEnums.swift; sourceTree = "<group>"; };
		AFDE46E729F908CA00401509 /* Ecosystem.swift */ = {isa = PBXFileReference; lastKnownFileType = sourcecode.swift; path = Ecosystem.swift; sourceTree = "<group>"; };
		AFDE46E929F911A800401509 /* Ghosts.swift */ = {isa = PBXFileReference; lastKnownFileType = sourcecode.swift; path = Ghosts.swift; sourceTree = "<group>"; };
		AFF42A8529E6689800B6C603 /* Missile.swift */ = {isa = PBXFileReference; lastKnownFileType = sourcecode.swift; path = Missile.swift; sourceTree = "<group>"; };
/* End PBXFileReference section */

/* Begin PBXFrameworksBuildPhase section */
		AFD4C04929CFA48200A127BB /* Frameworks */ = {
			isa = PBXFrameworksBuildPhase;
			buildActionMask = 2147483647;
			files = (
				AFC43CCA29D771790080E891 /* SceneKit.framework in Frameworks */,
			);
			runOnlyForDeploymentPostprocessing = 0;
		};
/* End PBXFrameworksBuildPhase section */

/* Begin PBXGroup section */
		AFD4C04329CFA48200A127BB = {
			isa = PBXGroup;
			children = (
				AF67FBB429F7C0CB007CE669 /* Launch Screen.storyboard */,
				AF07021C29E120D300667F9B /* Assets.xcassets */,
				AFC43CD929D7CF200080E891 /* Privacy Policy.txt */,
				AFD4C04E29CFA48200A127BB /* Starhaven */,
				AFD4C04D29CFA48200A127BB /* Products */,
				AFD4C06929CFFB4E00A127BB /* Frameworks */,
			);
			sourceTree = "<group>";
		};
		AFD4C04D29CFA48200A127BB /* Products */ = {
			isa = PBXGroup;
			children = (
				AFD4C04C29CFA48200A127BB /* Starhaven.app */,
			);
			name = Products;
			sourceTree = "<group>";
		};
		AFD4C04E29CFA48200A127BB /* Starhaven */ = {
			isa = PBXGroup;
			children = (
				AF6388E229DF79090086C90F /* SpacegroundViewModel.swift */,
				AFF42A8829E773FD00B6C603 /* Space View */,
				AFDE46F029F9133B00401509 /* World */,
				AFDE46EC29F9121500401509 /* Heads-Up Display */,
				AFD4C06329CFAAFC00A127BB /* Extensions.swift */,
				AFD4C05329CFA48400A127BB /* Assets.xcassets */,
				AF1C63D229D98B1600710916 /* SceneKit Asset Catalog.scnassets */,
				AFD4C05529CFA48400A127BB /* Preview Content */,
			);
			path = Starhaven;
			sourceTree = "<group>";
		};
		AFD4C05529CFA48400A127BB /* Preview Content */ = {
			isa = PBXGroup;
			children = (
				AFD4C05629CFA48400A127BB /* Preview Assets.xcassets */,
			);
			path = "Preview Content";
			sourceTree = "<group>";
		};
		AFD4C06929CFFB4E00A127BB /* Frameworks */ = {
			isa = PBXGroup;
			children = (
				AFD4C06A29CFFB4E00A127BB /* SceneKit.framework */,
			);
			name = Frameworks;
			sourceTree = "<group>";
		};
		AFDE46EB29F911F600401509 /* Projectiles */ = {
			isa = PBXGroup;
			children = (
				AFAAB44C29F47B8F007D5A2F /* CollisionCategory.swift */,
				AFF42A8529E6689800B6C603 /* Missile.swift */,
				AFAAB44A29F468D3007D5A2F /* Laser.swift */,
			);
			path = Projectiles;
			sourceTree = "<group>";
		};
		AFDE46EC29F9121500401509 /* Heads-Up Display */ = {
			isa = PBXGroup;
			children = (
				AF6388DB29DF77B80086C90F /* HUD.swift */,
				AF28B9B929E4C9A7002FEAB5 /* Reticle.swift */,
			);
			path = "Heads-Up Display";
			sourceTree = "<group>";
		};
		AFDE46ED29F9125800401509 /* Agents */ = {
			isa = PBXGroup;
			children = (
				AFDE46EF29F912B100401509 /* Player */,
				AFDE46EE29F9128E00401509 /* Ghosts */,
			);
			path = Agents;
			sourceTree = "<group>";
		};
		AFDE46EE29F9128E00401509 /* Ghosts */ = {
			isa = PBXGroup;
			children = (
				AFDE46E929F911A800401509 /* Ghosts.swift */,
				AF67FBB029F78C0B007CE669 /* AssaultDrone.swift */,
				AFDE46E329F8A17500401509 /* GhostEnums.swift */,
			);
			path = Ghosts;
			sourceTree = "<group>";
		};
		AFDE46EF29F912B100401509 /* Player */ = {
			isa = PBXGroup;
			children = (
				AF6388DF29DF78430086C90F /* Ship.swift */,
				AF6388DD29DF77DF0086C90F /* VelocityBuffer.swift */,
			);
			path = Player;
			sourceTree = "<group>";
		};
		AFDE46F029F9133B00401509 /* World */ = {
			isa = PBXGroup;
			children = (
				AFDE46E729F908CA00401509 /* Ecosystem.swift */,
				AFDE46ED29F9125800401509 /* Agents */,
				AFDE46EB29F911F600401509 /* Projectiles */,
				AFF42A8729E773D000B6C603 /* Celestial Objects */,
			);
			path = World;
			sourceTree = "<group>";
		};
		AFF42A8729E773D000B6C603 /* Celestial Objects */ = {
			isa = PBXGroup;
			children = (
				AF6388E629DFC9610086C90F /* Star.swift */,
				AFD4C05D29CFA49500A127BB /* BlackHole.swift */,
				AFD4C06529CFAF5100A127BB /* CustomTorus.swift */,
			);
			path = "Celestial Objects";
			sourceTree = "<group>";
		};
		AFF42A8829E773FD00B6C603 /* Space View */ = {
			isa = PBXGroup;
			children = (
				AFD4C04F29CFA48200A127BB /* StarhavenApp.swift */,
				AFDBFDD929DD2775006DEB3E /* Spaceground.swift */,
				AF6388D929DF77940086C90F /* Space.swift */,
			);
			path = "Space View";
			sourceTree = "<group>";
		};
/* End PBXGroup section */

/* Begin PBXNativeTarget section */
		AFD4C04B29CFA48200A127BB /* Starhaven */ = {
			isa = PBXNativeTarget;
			buildConfigurationList = AFD4C05A29CFA48400A127BB /* Build configuration list for PBXNativeTarget "Starhaven" */;
			buildPhases = (
				AFD4C04829CFA48200A127BB /* Sources */,
				AFD4C04929CFA48200A127BB /* Frameworks */,
				AFD4C04A29CFA48200A127BB /* Resources */,
			);
			buildRules = (
			);
			dependencies = (
			);
			name = Starhaven;
			productName = Starhaven;
			productReference = AFD4C04C29CFA48200A127BB /* Starhaven.app */;
			productType = "com.apple.product-type.application";
		};
/* End PBXNativeTarget section */

/* Begin PBXProject section */
		AFD4C04429CFA48200A127BB /* Project object */ = {
			isa = PBXProject;
			attributes = {
				BuildIndependentTargetsInParallel = 1;
				LastSwiftUpdateCheck = 1420;
				LastUpgradeCheck = 1420;
				TargetAttributes = {
					AFD4C04B29CFA48200A127BB = {
						CreatedOnToolsVersion = 14.2;
					};
				};
			};
			buildConfigurationList = AFD4C04729CFA48200A127BB /* Build configuration list for PBXProject "Starhaven" */;
			compatibilityVersion = "Xcode 14.0";
			developmentRegion = en;
			hasScannedForEncodings = 0;
			knownRegions = (
				en,
				Base,
			);
			mainGroup = AFD4C04329CFA48200A127BB;
			productRefGroup = AFD4C04D29CFA48200A127BB /* Products */;
			projectDirPath = "";
			projectRoot = "";
			targets = (
				AFD4C04B29CFA48200A127BB /* Starhaven */,
			);
		};
/* End PBXProject section */

/* Begin PBXResourcesBuildPhase section */
		AFD4C04A29CFA48200A127BB /* Resources */ = {
			isa = PBXResourcesBuildPhase;
			buildActionMask = 2147483647;
			files = (
				AFD4C05729CFA48400A127BB /* Preview Assets.xcassets in Resources */,
				AFD4C05429CFA48400A127BB /* Assets.xcassets in Resources */,
				AF1C63D329D98B1600710916 /* SceneKit Asset Catalog.scnassets in Resources */,
				AF07021E29E120D300667F9B /* Assets.xcassets in Resources */,
				AFC43CDA29D7CF200080E891 /* Privacy Policy.txt in Resources */,
				AF67FBB529F7C0CB007CE669 /* Launch Screen.storyboard in Resources */,
			);
			runOnlyForDeploymentPostprocessing = 0;
		};
/* End PBXResourcesBuildPhase section */

/* Begin PBXSourcesBuildPhase section */
		AFD4C04829CFA48200A127BB /* Sources */ = {
			isa = PBXSourcesBuildPhase;
			buildActionMask = 2147483647;
			files = (
				AFDE46E829F908CA00401509 /* Ecosystem.swift in Sources */,
				AF6388DA29DF77940086C90F /* Space.swift in Sources */,
				AFD4C06429CFAAFC00A127BB /* Extensions.swift in Sources */,
				AFDE46E429F8A17500401509 /* GhostEnums.swift in Sources */,
				AF6388E729DFC9610086C90F /* Star.swift in Sources */,
				AFD4C05029CFA48200A127BB /* StarhavenApp.swift in Sources */,
				AFDE46EA29F911A800401509 /* Ghosts.swift in Sources */,
				AFF42A8629E6689800B6C603 /* Missile.swift in Sources */,
				AF6388E029DF78430086C90F /* Ship.swift in Sources */,
				AFAAB44B29F468D3007D5A2F /* Laser.swift in Sources */,
				AFAAB44D29F47B8F007D5A2F /* CollisionCategory.swift in Sources */,
				AFDBFDDA29DD2775006DEB3E /* Spaceground.swift in Sources */,
				AFD4C05E29CFA49500A127BB /* BlackHole.swift in Sources */,
				AF28B9BA29E4C9A7002FEAB5 /* Reticle.swift in Sources */,
				AFD4C06629CFAF5100A127BB /* CustomTorus.swift in Sources */,
				AF6388E329DF79090086C90F /* SpacegroundViewModel.swift in Sources */,
				AF67FBB129F78C0B007CE669 /* AssaultDrone.swift in Sources */,
				AF6388DC29DF77B80086C90F /* HUD.swift in Sources */,
				AF6388DE29DF77DF0086C90F /* VelocityBuffer.swift in Sources */,
			);
			runOnlyForDeploymentPostprocessing = 0;
		};
/* End PBXSourcesBuildPhase section */

/* Begin XCBuildConfiguration section */
		AFD4C05829CFA48400A127BB /* Debug */ = {
			isa = XCBuildConfiguration;
			buildSettings = {
				ALWAYS_SEARCH_USER_PATHS = NO;
				CLANG_ANALYZER_NONNULL = YES;
				CLANG_ANALYZER_NUMBER_OBJECT_CONVERSION = YES_AGGRESSIVE;
				CLANG_CXX_LANGUAGE_STANDARD = "gnu++20";
				CLANG_ENABLE_MODULES = YES;
				CLANG_ENABLE_OBJC_ARC = YES;
				CLANG_ENABLE_OBJC_WEAK = YES;
				CLANG_WARN_BLOCK_CAPTURE_AUTORELEASING = YES;
				CLANG_WARN_BOOL_CONVERSION = YES;
				CLANG_WARN_COMMA = YES;
				CLANG_WARN_CONSTANT_CONVERSION = YES;
				CLANG_WARN_DEPRECATED_OBJC_IMPLEMENTATIONS = YES;
				CLANG_WARN_DIRECT_OBJC_ISA_USAGE = YES_ERROR;
				CLANG_WARN_DOCUMENTATION_COMMENTS = YES;
				CLANG_WARN_EMPTY_BODY = YES;
				CLANG_WARN_ENUM_CONVERSION = YES;
				CLANG_WARN_INFINITE_RECURSION = YES;
				CLANG_WARN_INT_CONVERSION = YES;
				CLANG_WARN_NON_LITERAL_NULL_CONVERSION = YES;
				CLANG_WARN_OBJC_IMPLICIT_RETAIN_SELF = YES;
				CLANG_WARN_OBJC_LITERAL_CONVERSION = YES;
				CLANG_WARN_OBJC_ROOT_CLASS = YES_ERROR;
				CLANG_WARN_QUOTED_INCLUDE_IN_FRAMEWORK_HEADER = YES;
				CLANG_WARN_RANGE_LOOP_ANALYSIS = YES;
				CLANG_WARN_STRICT_PROTOTYPES = YES;
				CLANG_WARN_SUSPICIOUS_MOVE = YES;
				CLANG_WARN_UNGUARDED_AVAILABILITY = YES_AGGRESSIVE;
				CLANG_WARN_UNREACHABLE_CODE = YES;
				CLANG_WARN__DUPLICATE_METHOD_MATCH = YES;
				COPY_PHASE_STRIP = NO;
				DEBUG_INFORMATION_FORMAT = dwarf;
				ENABLE_STRICT_OBJC_MSGSEND = YES;
				ENABLE_TESTABILITY = YES;
				GCC_C_LANGUAGE_STANDARD = gnu11;
				GCC_DYNAMIC_NO_PIC = NO;
				GCC_NO_COMMON_BLOCKS = YES;
				GCC_OPTIMIZATION_LEVEL = 0;
				GCC_PREPROCESSOR_DEFINITIONS = (
					"DEBUG=1",
					"$(inherited)",
				);
				GCC_WARN_64_TO_32_BIT_CONVERSION = YES;
				GCC_WARN_ABOUT_RETURN_TYPE = YES_ERROR;
				GCC_WARN_UNDECLARED_SELECTOR = YES;
				GCC_WARN_UNINITIALIZED_AUTOS = YES_AGGRESSIVE;
				GCC_WARN_UNUSED_FUNCTION = YES;
				GCC_WARN_UNUSED_VARIABLE = YES;
				IPHONEOS_DEPLOYMENT_TARGET = 16.0;
				MTL_ENABLE_DEBUG_INFO = INCLUDE_SOURCE;
				MTL_FAST_MATH = YES;
				ONLY_ACTIVE_ARCH = YES;
				SDKROOT = iphoneos;
				SWIFT_ACTIVE_COMPILATION_CONDITIONS = DEBUG;
				SWIFT_OPTIMIZATION_LEVEL = "-Onone";
			};
			name = Debug;
		};
		AFD4C05929CFA48400A127BB /* Release */ = {
			isa = XCBuildConfiguration;
			buildSettings = {
				ALWAYS_SEARCH_USER_PATHS = NO;
				CLANG_ANALYZER_NONNULL = YES;
				CLANG_ANALYZER_NUMBER_OBJECT_CONVERSION = YES_AGGRESSIVE;
				CLANG_CXX_LANGUAGE_STANDARD = "gnu++20";
				CLANG_ENABLE_MODULES = YES;
				CLANG_ENABLE_OBJC_ARC = YES;
				CLANG_ENABLE_OBJC_WEAK = YES;
				CLANG_WARN_BLOCK_CAPTURE_AUTORELEASING = YES;
				CLANG_WARN_BOOL_CONVERSION = YES;
				CLANG_WARN_COMMA = YES;
				CLANG_WARN_CONSTANT_CONVERSION = YES;
				CLANG_WARN_DEPRECATED_OBJC_IMPLEMENTATIONS = YES;
				CLANG_WARN_DIRECT_OBJC_ISA_USAGE = YES_ERROR;
				CLANG_WARN_DOCUMENTATION_COMMENTS = YES;
				CLANG_WARN_EMPTY_BODY = YES;
				CLANG_WARN_ENUM_CONVERSION = YES;
				CLANG_WARN_INFINITE_RECURSION = YES;
				CLANG_WARN_INT_CONVERSION = YES;
				CLANG_WARN_NON_LITERAL_NULL_CONVERSION = YES;
				CLANG_WARN_OBJC_IMPLICIT_RETAIN_SELF = YES;
				CLANG_WARN_OBJC_LITERAL_CONVERSION = YES;
				CLANG_WARN_OBJC_ROOT_CLASS = YES_ERROR;
				CLANG_WARN_QUOTED_INCLUDE_IN_FRAMEWORK_HEADER = YES;
				CLANG_WARN_RANGE_LOOP_ANALYSIS = YES;
				CLANG_WARN_STRICT_PROTOTYPES = YES;
				CLANG_WARN_SUSPICIOUS_MOVE = YES;
				CLANG_WARN_UNGUARDED_AVAILABILITY = YES_AGGRESSIVE;
				CLANG_WARN_UNREACHABLE_CODE = YES;
				CLANG_WARN__DUPLICATE_METHOD_MATCH = YES;
				COPY_PHASE_STRIP = NO;
				DEBUG_INFORMATION_FORMAT = "dwarf-with-dsym";
				ENABLE_NS_ASSERTIONS = NO;
				ENABLE_STRICT_OBJC_MSGSEND = YES;
				GCC_C_LANGUAGE_STANDARD = gnu11;
				GCC_NO_COMMON_BLOCKS = YES;
				GCC_WARN_64_TO_32_BIT_CONVERSION = YES;
				GCC_WARN_ABOUT_RETURN_TYPE = YES_ERROR;
				GCC_WARN_UNDECLARED_SELECTOR = YES;
				GCC_WARN_UNINITIALIZED_AUTOS = YES_AGGRESSIVE;
				GCC_WARN_UNUSED_FUNCTION = YES;
				GCC_WARN_UNUSED_VARIABLE = YES;
				IPHONEOS_DEPLOYMENT_TARGET = 16.0;
				MTL_ENABLE_DEBUG_INFO = NO;
				MTL_FAST_MATH = YES;
				SDKROOT = iphoneos;
				SWIFT_COMPILATION_MODE = wholemodule;
				SWIFT_OPTIMIZATION_LEVEL = "-O";
				VALIDATE_PRODUCT = YES;
			};
			name = Release;
		};
		AFD4C05B29CFA48400A127BB /* Debug */ = {
			isa = XCBuildConfiguration;
			buildSettings = {
				ASSETCATALOG_COMPILER_APPICON_NAME = AppIcon;
				ASSETCATALOG_COMPILER_GLOBAL_ACCENT_COLOR_NAME = AccentColor;
				CODE_SIGN_STYLE = Automatic;
				CURRENT_PROJECT_VERSION = 1;
				DEVELOPMENT_ASSET_PATHS = "\"Starhaven/Preview Content\"";
				DEVELOPMENT_TEAM = QTK9J7VK88;
				ENABLE_PREVIEWS = YES;
				GENERATE_INFOPLIST_FILE = YES;
				INFOPLIST_KEY_CFBundleDisplayName = starHaven;
				INFOPLIST_KEY_LSApplicationCategoryType = "public.app-category.simulation-games";
				INFOPLIST_KEY_UIApplicationSceneManifest_Generation = YES;
				INFOPLIST_KEY_UIApplicationSupportsIndirectInputEvents = YES;
				INFOPLIST_KEY_UILaunchScreen_Generation = YES;
				INFOPLIST_KEY_UILaunchStoryboardName = "Launch Screen.storyboard";
				INFOPLIST_KEY_UISupportedInterfaceOrientations_iPad = "UIInterfaceOrientationPortrait UIInterfaceOrientationPortraitUpsideDown UIInterfaceOrientationLandscapeLeft UIInterfaceOrientationLandscapeRight";
				INFOPLIST_KEY_UISupportedInterfaceOrientations_iPhone = "UIInterfaceOrientationPortrait UIInterfaceOrientationLandscapeLeft UIInterfaceOrientationLandscapeRight";
				IPHONEOS_DEPLOYMENT_TARGET = 16.0;
				LD_RUNPATH_SEARCH_PATHS = (
					"$(inherited)",
					"@executable_path/Frameworks",
				);
				MARKETING_VERSION = 1.0;
				PRODUCT_BUNDLE_IDENTIFIER = com.alphaHalcyon.starHaven;
				PRODUCT_NAME = "$(TARGET_NAME)";
				SUPPORTED_PLATFORMS = "iphoneos iphonesimulator";
				SUPPORTS_MACCATALYST = NO;
				SUPPORTS_MAC_DESIGNED_FOR_IPHONE_IPAD = NO;
				SWIFT_EMIT_LOC_STRINGS = YES;
				SWIFT_VERSION = 5.0;
				TARGETED_DEVICE_FAMILY = "1,2";
			};
			name = Debug;
		};
		AFD4C05C29CFA48400A127BB /* Release */ = {
			isa = XCBuildConfiguration;
			buildSettings = {
				ASSETCATALOG_COMPILER_APPICON_NAME = AppIcon;
				ASSETCATALOG_COMPILER_GLOBAL_ACCENT_COLOR_NAME = AccentColor;
				CODE_SIGN_STYLE = Automatic;
				CURRENT_PROJECT_VERSION = 1;
				DEVELOPMENT_ASSET_PATHS = "\"Starhaven/Preview Content\"";
				DEVELOPMENT_TEAM = QTK9J7VK88;
				ENABLE_PREVIEWS = YES;
				GENERATE_INFOPLIST_FILE = YES;
				INFOPLIST_KEY_CFBundleDisplayName = starHaven;
				INFOPLIST_KEY_LSApplicationCategoryType = "public.app-category.simulation-games";
				INFOPLIST_KEY_UIApplicationSceneManifest_Generation = YES;
				INFOPLIST_KEY_UIApplicationSupportsIndirectInputEvents = YES;
				INFOPLIST_KEY_UILaunchScreen_Generation = YES;
				INFOPLIST_KEY_UILaunchStoryboardName = "Launch Screen.storyboard";
				INFOPLIST_KEY_UISupportedInterfaceOrientations_iPad = "UIInterfaceOrientationPortrait UIInterfaceOrientationPortraitUpsideDown UIInterfaceOrientationLandscapeLeft UIInterfaceOrientationLandscapeRight";
				INFOPLIST_KEY_UISupportedInterfaceOrientations_iPhone = "UIInterfaceOrientationPortrait UIInterfaceOrientationLandscapeLeft UIInterfaceOrientationLandscapeRight";
				IPHONEOS_DEPLOYMENT_TARGET = 16.0;
				LD_RUNPATH_SEARCH_PATHS = (
					"$(inherited)",
					"@executable_path/Frameworks",
				);
				MARKETING_VERSION = 1.0;
				PRODUCT_BUNDLE_IDENTIFIER = com.alphaHalcyon.starHaven;
				PRODUCT_NAME = "$(TARGET_NAME)";
				SUPPORTED_PLATFORMS = "iphoneos iphonesimulator";
				SUPPORTS_MACCATALYST = NO;
				SUPPORTS_MAC_DESIGNED_FOR_IPHONE_IPAD = NO;
				SWIFT_EMIT_LOC_STRINGS = YES;
				SWIFT_VERSION = 5.0;
				TARGETED_DEVICE_FAMILY = "1,2";
			};
			name = Release;
		};
/* End XCBuildConfiguration section */

/* Begin XCConfigurationList section */
		AFD4C04729CFA48200A127BB /* Build configuration list for PBXProject "Starhaven" */ = {
			isa = XCConfigurationList;
			buildConfigurations = (
				AFD4C05829CFA48400A127BB /* Debug */,
				AFD4C05929CFA48400A127BB /* Release */,
			);
			defaultConfigurationIsVisible = 0;
			defaultConfigurationName = Release;
		};
		AFD4C05A29CFA48400A127BB /* Build configuration list for PBXNativeTarget "Starhaven" */ = {
			isa = XCConfigurationList;
			buildConfigurations = (
				AFD4C05B29CFA48400A127BB /* Debug */,
				AFD4C05C29CFA48400A127BB /* Release */,
			);
			defaultConfigurationIsVisible = 0;
			defaultConfigurationName = Release;
		};
/* End XCConfigurationList section */
	};
	rootObject = AFD4C04429CFA48200A127BB /* Project object */;
}
