// !$*UTF8*$!
{
	archiveVersion = 1;
	classes = {
	};
	objectVersion = 56;
	objects = {

/* Begin PBXBuildFile section */
		AF0561092A3E98E20096E211 /* CameraManager.swift in Sources */ = {isa = PBXBuildFile; fileRef = AF0561082A3E98E20096E211 /* CameraManager.swift */; };
		AF05610B2A3E99140096E211 /* PhysicsManager.swift in Sources */ = {isa = PBXBuildFile; fileRef = AF05610A2A3E99140096E211 /* PhysicsManager.swift */; };
		AF05610D2A3E99C00096E211 /* SceneManager.swift in Sources */ = {isa = PBXBuildFile; fileRef = AF05610C2A3E99C00096E211 /* SceneManager.swift */; };
		AF05610F2A3E99E80096E211 /* Level.swift in Sources */ = {isa = PBXBuildFile; fileRef = AF05610E2A3E99E80096E211 /* Level.swift */; };
		AF07021E29E120D300667F9B /* Assets.xcassets in Resources */ = {isa = PBXBuildFile; fileRef = AF07021C29E120D300667F9B /* Assets.xcassets */; };
		AF0C5C522A2F3CD600D6D008 /* she never loved u bro.mp3 in Resources */ = {isa = PBXBuildFile; fileRef = AF0C5C512A2F3CD600D6D008 /* she never loved u bro.mp3 */; };
		AF12B9A72A33BADA0068D352 /* GameManager.swift in Sources */ = {isa = PBXBuildFile; fileRef = AF12B9A62A33BADA0068D352 /* GameManager.swift */; };
		AF12B9A92A33DFFF0068D352 /* Physics.swift in Sources */ = {isa = PBXBuildFile; fileRef = AF12B9A82A33DFFF0068D352 /* Physics.swift */; };
		AF12B9AB2A344D380068D352 /* ParticleManager.swift in Sources */ = {isa = PBXBuildFile; fileRef = AF12B9AA2A344D380068D352 /* ParticleManager.swift */; };
		AF1C63D329D98B1600710916 /* SceneKit Asset Catalog.scnassets in Resources */ = {isa = PBXBuildFile; fileRef = AF1C63D229D98B1600710916 /* SceneKit Asset Catalog.scnassets */; };
		AF28B9BA29E4C9A7002FEAB5 /* Reticle.swift in Sources */ = {isa = PBXBuildFile; fileRef = AF28B9B929E4C9A7002FEAB5 /* Reticle.swift */; };
		AF3D1DA42A09ED1700A8F2C7 /* HVN.mp3 in Resources */ = {isa = PBXBuildFile; fileRef = AF3D1DA32A09ED1700A8F2C7 /* HVN.mp3 */; };
		AF3D1DA62A0A006600A8F2C7 /* Planet.swift in Sources */ = {isa = PBXBuildFile; fileRef = AF3D1DA52A0A006600A8F2C7 /* Planet.swift */; };
		AF4F696B2A0DBFD3007376EA /* HVNDarkseid.mp3 in Resources */ = {isa = PBXBuildFile; fileRef = AF4F696A2A0DBFD3007376EA /* HVNDarkseid.mp3 */; };
		AF5B368F2A0AA9660075581E /* Custom Slider.swift in Sources */ = {isa = PBXBuildFile; fileRef = AF5B368E2A0AA9650075581E /* Custom Slider.swift */; };
		AF6388DA29DF77940086C90F /* Space.swift in Sources */ = {isa = PBXBuildFile; fileRef = AF6388D929DF77940086C90F /* Space.swift */; };
		AF6388DC29DF77B80086C90F /* HUD.swift in Sources */ = {isa = PBXBuildFile; fileRef = AF6388DB29DF77B80086C90F /* HUD.swift */; };
		AF6388DE29DF77DF0086C90F /* VelocityBuffer.swift in Sources */ = {isa = PBXBuildFile; fileRef = AF6388DD29DF77DF0086C90F /* VelocityBuffer.swift */; };
		AF6388E029DF78430086C90F /* Ship.swift in Sources */ = {isa = PBXBuildFile; fileRef = AF6388DF29DF78430086C90F /* Ship.swift */; };
		AF6388E329DF79090086C90F /* SpacegroundViewModel.swift in Sources */ = {isa = PBXBuildFile; fileRef = AF6388E229DF79090086C90F /* SpacegroundViewModel.swift */; };
		AF6388E729DFC9610086C90F /* Star.swift in Sources */ = {isa = PBXBuildFile; fileRef = AF6388E629DFC9610086C90F /* Star.swift */; };
		AF63D43A2A08D68F007D8A40 /* snatchHiss.wav in Resources */ = {isa = PBXBuildFile; fileRef = AF63D4392A08D68F007D8A40 /* snatchHiss.wav */; };
		AF63D43C2A08D6EC007D8A40 /* snap.wav in Resources */ = {isa = PBXBuildFile; fileRef = AF63D43B2A08D6EC007D8A40 /* snap.wav */; };
		AF6707BA2A3BDA2700A923E4 /* ShipManager.swift in Sources */ = {isa = PBXBuildFile; fileRef = AF6707B92A3BDA2700A923E4 /* ShipManager.swift */; };
		AF6707BC2A3CC2C200A923E4 /* PhysicsTest.swift in Sources */ = {isa = PBXBuildFile; fileRef = AF6707BB2A3CC2C200A923E4 /* PhysicsTest.swift */; };
		AF6707BE2A3D415000A923E4 /* ModelManager.swift in Sources */ = {isa = PBXBuildFile; fileRef = AF6707BD2A3D415000A923E4 /* ModelManager.swift */; };
		AF67FBB129F78C0B007CE669 /* Drone.swift in Sources */ = {isa = PBXBuildFile; fileRef = AF67FBB029F78C0B007CE669 /* Drone.swift */; };
		AF67FBB529F7C0CB007CE669 /* Launch Screen.storyboard in Resources */ = {isa = PBXBuildFile; fileRef = AF67FBB429F7C0CB007CE669 /* Launch Screen.storyboard */; };
		AF6D0AF62A35BF2E001C1DEB /* LoadingScreen.swift in Sources */ = {isa = PBXBuildFile; fileRef = AF6D0AF52A35BF2E001C1DEB /* LoadingScreen.swift */; };
		AF6D0AF82A35C2A4001C1DEB /* SettingsScreen.swift in Sources */ = {isa = PBXBuildFile; fileRef = AF6D0AF72A35C2A4001C1DEB /* SettingsScreen.swift */; };
		AF778F0829F9F44700F299E5 /* Raider.swift in Sources */ = {isa = PBXBuildFile; fileRef = AF778F0729F9F44700F299E5 /* Raider.swift */; };
		AF9FD3812A02E64D00F5F2AC /* GhostMissile.swift in Sources */ = {isa = PBXBuildFile; fileRef = AF9FD3802A02E64D00F5F2AC /* GhostMissile.swift */; };
		AFAAB44B29F468D3007D5A2F /* Laser.swift in Sources */ = {isa = PBXBuildFile; fileRef = AFAAB44A29F468D3007D5A2F /* Laser.swift */; };
		AFAAB44D29F47B8F007D5A2F /* CollisionCategory.swift in Sources */ = {isa = PBXBuildFile; fileRef = AFAAB44C29F47B8F007D5A2F /* CollisionCategory.swift */; };
		AFB0EA462A318C8500313974 /* ISR.mp3 in Resources */ = {isa = PBXBuildFile; fileRef = AFB0EA452A318C8500313974 /* ISR.mp3 */; };
		AFBB77DA2A2555BD009C998B /* HeavyBattleship.obj in Resources */ = {isa = PBXBuildFile; fileRef = AFBB77D92A2555B4009C998B /* HeavyBattleship.obj */; };
		AFBB77DC2A25A4C4009C998B /* Raider.obj in Resources */ = {isa = PBXBuildFile; fileRef = AFBB77DB2A25A4C4009C998B /* Raider.obj */; };
		AFBB77DE2A25A4F0009C998B /* Raider.mtl in Resources */ = {isa = PBXBuildFile; fileRef = AFBB77DD2A25A4F0009C998B /* Raider.mtl */; };
		AFC43CCA29D771790080E891 /* SceneKit.framework in Frameworks */ = {isa = PBXBuildFile; fileRef = AFD4C06A29CFFB4E00A127BB /* SceneKit.framework */; };
		AFC43CDA29D7CF200080E891 /* Privacy Policy.txt in Resources */ = {isa = PBXBuildFile; fileRef = AFC43CD929D7CF200080E891 /* Privacy Policy.txt */; };
		AFC92EDB2A12B8BE0042697B /* HomeScreen.swift in Sources */ = {isa = PBXBuildFile; fileRef = AFC92EDA2A12B8BE0042697B /* HomeScreen.swift */; };
		AFD4C05029CFA48200A127BB /* StarhavenApp.swift in Sources */ = {isa = PBXBuildFile; fileRef = AFD4C04F29CFA48200A127BB /* StarhavenApp.swift */; };
		AFD4C05429CFA48400A127BB /* Assets.xcassets in Resources */ = {isa = PBXBuildFile; fileRef = AFD4C05329CFA48400A127BB /* Assets.xcassets */; };
		AFD4C05729CFA48400A127BB /* Preview Assets.xcassets in Resources */ = {isa = PBXBuildFile; fileRef = AFD4C05629CFA48400A127BB /* Preview Assets.xcassets */; };
		AFD4C05E29CFA49500A127BB /* BlackHole.swift in Sources */ = {isa = PBXBuildFile; fileRef = AFD4C05D29CFA49500A127BB /* BlackHole.swift */; };
		AFD4C06429CFAAFC00A127BB /* Extensions.swift in Sources */ = {isa = PBXBuildFile; fileRef = AFD4C06329CFAAFC00A127BB /* Extensions.swift */; };
		AFD4C06629CFAF5100A127BB /* CustomTorus.swift in Sources */ = {isa = PBXBuildFile; fileRef = AFD4C06529CFAF5100A127BB /* CustomTorus.swift */; };
		AFD7EEB92A2C83A600A92162 /* IntroCutscene.swift in Sources */ = {isa = PBXBuildFile; fileRef = AFD7EEB82A2C83A600A92162 /* IntroCutscene.swift */; };
		AFD7EEBC2A2C88FD00A92162 /* dh10.mtl in Resources */ = {isa = PBXBuildFile; fileRef = AFD7EEBA2A2C88FD00A92162 /* dh10.mtl */; };
		AFD7EEBD2A2C88FD00A92162 /* dh10.obj in Resources */ = {isa = PBXBuildFile; fileRef = AFD7EEBB2A2C88FD00A92162 /* dh10.obj */; };
		AFDBFDDA29DD2775006DEB3E /* ContentView.swift in Sources */ = {isa = PBXBuildFile; fileRef = AFDBFDD929DD2775006DEB3E /* ContentView.swift */; };
		AFDE46E429F8A17500401509 /* GhostEnums.swift in Sources */ = {isa = PBXBuildFile; fileRef = AFDE46E329F8A17500401509 /* GhostEnums.swift */; };
		AFDE46E829F908CA00401509 /* Ecosystem.swift in Sources */ = {isa = PBXBuildFile; fileRef = AFDE46E729F908CA00401509 /* Ecosystem.swift */; };
		AFDE46EA29F911A800401509 /* FactionSystem.swift in Sources */ = {isa = PBXBuildFile; fileRef = AFDE46E929F911A800401509 /* FactionSystem.swift */; };
		AFDE46F229F91E2400401509 /* Dreadknought.swift in Sources */ = {isa = PBXBuildFile; fileRef = AFDE46F129F91E2400401509 /* Dreadknought.swift */; };
		AFF42A8629E6689800B6C603 /* Missile.swift in Sources */ = {isa = PBXBuildFile; fileRef = AFF42A8529E6689800B6C603 /* Missile.swift */; };
/* End PBXBuildFile section */

/* Begin PBXFileReference section */
		AF0561082A3E98E20096E211 /* CameraManager.swift */ = {isa = PBXFileReference; lastKnownFileType = sourcecode.swift; path = CameraManager.swift; sourceTree = "<group>"; };
		AF05610A2A3E99140096E211 /* PhysicsManager.swift */ = {isa = PBXFileReference; lastKnownFileType = sourcecode.swift; path = PhysicsManager.swift; sourceTree = "<group>"; };
		AF05610C2A3E99C00096E211 /* SceneManager.swift */ = {isa = PBXFileReference; lastKnownFileType = sourcecode.swift; path = SceneManager.swift; sourceTree = "<group>"; };
		AF05610E2A3E99E80096E211 /* Level.swift */ = {isa = PBXFileReference; lastKnownFileType = sourcecode.swift; path = Level.swift; sourceTree = "<group>"; };
		AF07021C29E120D300667F9B /* Assets.xcassets */ = {isa = PBXFileReference; lastKnownFileType = folder.assetcatalog; path = Assets.xcassets; sourceTree = "<group>"; };
		AF0C5C512A2F3CD600D6D008 /* she never loved u bro.mp3 */ = {isa = PBXFileReference; lastKnownFileType = audio.mp3; name = "she never loved u bro.mp3"; path = "../../she never loved u bro.mp3"; sourceTree = "<group>"; };
		AF12B9A62A33BADA0068D352 /* GameManager.swift */ = {isa = PBXFileReference; lastKnownFileType = sourcecode.swift; path = GameManager.swift; sourceTree = "<group>"; };
		AF12B9A82A33DFFF0068D352 /* Physics.swift */ = {isa = PBXFileReference; lastKnownFileType = sourcecode.swift; path = Physics.swift; sourceTree = "<group>"; };
		AF12B9AA2A344D380068D352 /* ParticleManager.swift */ = {isa = PBXFileReference; lastKnownFileType = sourcecode.swift; path = ParticleManager.swift; sourceTree = "<group>"; };
		AF1C63D229D98B1600710916 /* SceneKit Asset Catalog.scnassets */ = {isa = PBXFileReference; lastKnownFileType = wrapper.scnassets; path = "SceneKit Asset Catalog.scnassets"; sourceTree = "<group>"; };
		AF28B9B929E4C9A7002FEAB5 /* Reticle.swift */ = {isa = PBXFileReference; lastKnownFileType = sourcecode.swift; path = Reticle.swift; sourceTree = "<group>"; };
		AF3D1DA32A09ED1700A8F2C7 /* HVN.mp3 */ = {isa = PBXFileReference; lastKnownFileType = audio.mp3; name = HVN.mp3; path = ../../Music/Logic/Bounces/HVN.mp3; sourceTree = "<group>"; };
		AF3D1DA52A0A006600A8F2C7 /* Planet.swift */ = {isa = PBXFileReference; lastKnownFileType = sourcecode.swift; path = Planet.swift; sourceTree = "<group>"; };
		AF4F696A2A0DBFD3007376EA /* HVNDarkseid.mp3 */ = {isa = PBXFileReference; lastKnownFileType = audio.mp3; name = HVNDarkseid.mp3; path = ../../Music/Logic/Bounces/HVNDarkseid.mp3; sourceTree = "<group>"; };
		AF5B368E2A0AA9650075581E /* Custom Slider.swift */ = {isa = PBXFileReference; lastKnownFileType = sourcecode.swift; path = "Custom Slider.swift"; sourceTree = "<group>"; };
		AF6388D929DF77940086C90F /* Space.swift */ = {isa = PBXFileReference; lastKnownFileType = sourcecode.swift; path = Space.swift; sourceTree = "<group>"; };
		AF6388DB29DF77B80086C90F /* HUD.swift */ = {isa = PBXFileReference; lastKnownFileType = sourcecode.swift; path = HUD.swift; sourceTree = "<group>"; };
		AF6388DD29DF77DF0086C90F /* VelocityBuffer.swift */ = {isa = PBXFileReference; lastKnownFileType = sourcecode.swift; path = VelocityBuffer.swift; sourceTree = "<group>"; };
		AF6388DF29DF78430086C90F /* Ship.swift */ = {isa = PBXFileReference; lastKnownFileType = sourcecode.swift; path = Ship.swift; sourceTree = "<group>"; };
		AF6388E229DF79090086C90F /* SpacegroundViewModel.swift */ = {isa = PBXFileReference; lastKnownFileType = sourcecode.swift; path = SpacegroundViewModel.swift; sourceTree = "<group>"; };
		AF6388E629DFC9610086C90F /* Star.swift */ = {isa = PBXFileReference; lastKnownFileType = sourcecode.swift; path = Star.swift; sourceTree = "<group>"; };
		AF63D4392A08D68F007D8A40 /* snatchHiss.wav */ = {isa = PBXFileReference; lastKnownFileType = audio.wav; name = snatchHiss.wav; path = "../Winter Sample Kit/Percussion/snatchHiss.wav"; sourceTree = SOURCE_ROOT; };
		AF63D43B2A08D6EC007D8A40 /* snap.wav */ = {isa = PBXFileReference; lastKnownFileType = audio.wav; name = snap.wav; path = "../Winter Sample Kit/Snare/snap.wav"; sourceTree = "<group>"; };
		AF6707B92A3BDA2700A923E4 /* ShipManager.swift */ = {isa = PBXFileReference; lastKnownFileType = sourcecode.swift; path = ShipManager.swift; sourceTree = "<group>"; };
		AF6707BB2A3CC2C200A923E4 /* PhysicsTest.swift */ = {isa = PBXFileReference; lastKnownFileType = sourcecode.swift; path = PhysicsTest.swift; sourceTree = "<group>"; };
		AF6707BD2A3D415000A923E4 /* ModelManager.swift */ = {isa = PBXFileReference; lastKnownFileType = sourcecode.swift; path = ModelManager.swift; sourceTree = "<group>"; };
		AF67FBB029F78C0B007CE669 /* Drone.swift */ = {isa = PBXFileReference; lastKnownFileType = sourcecode.swift; path = Drone.swift; sourceTree = "<group>"; };
		AF67FBB429F7C0CB007CE669 /* Launch Screen.storyboard */ = {isa = PBXFileReference; lastKnownFileType = file.storyboard; path = "Launch Screen.storyboard"; sourceTree = "<group>"; };
		AF6D0AF52A35BF2E001C1DEB /* LoadingScreen.swift */ = {isa = PBXFileReference; lastKnownFileType = sourcecode.swift; path = LoadingScreen.swift; sourceTree = "<group>"; };
		AF6D0AF72A35C2A4001C1DEB /* SettingsScreen.swift */ = {isa = PBXFileReference; lastKnownFileType = sourcecode.swift; path = SettingsScreen.swift; sourceTree = "<group>"; };
		AF778F0729F9F44700F299E5 /* Raider.swift */ = {isa = PBXFileReference; lastKnownFileType = sourcecode.swift; path = Raider.swift; sourceTree = "<group>"; };
		AF9FD3802A02E64D00F5F2AC /* GhostMissile.swift */ = {isa = PBXFileReference; lastKnownFileType = sourcecode.swift; path = GhostMissile.swift; sourceTree = "<group>"; };
		AFAAB44A29F468D3007D5A2F /* Laser.swift */ = {isa = PBXFileReference; lastKnownFileType = sourcecode.swift; path = Laser.swift; sourceTree = "<group>"; };
		AFAAB44C29F47B8F007D5A2F /* CollisionCategory.swift */ = {isa = PBXFileReference; lastKnownFileType = sourcecode.swift; path = CollisionCategory.swift; sourceTree = "<group>"; };
		AFB0EA452A318C8500313974 /* ISR.mp3 */ = {isa = PBXFileReference; lastKnownFileType = audio.mp3; name = ISR.mp3; path = ../../ISR.mp3; sourceTree = "<group>"; };
		AFBB77D92A2555B4009C998B /* HeavyBattleship.obj */ = {isa = PBXFileReference; lastKnownFileType = text; path = HeavyBattleship.obj; sourceTree = "<group>"; };
		AFBB77DB2A25A4C4009C998B /* Raider.obj */ = {isa = PBXFileReference; fileEncoding = 4; lastKnownFileType = text; name = Raider.obj; path = ../../../Downloads/Raider.obj; sourceTree = "<group>"; };
		AFBB77DD2A25A4F0009C998B /* Raider.mtl */ = {isa = PBXFileReference; fileEncoding = 4; lastKnownFileType = text; name = Raider.mtl; path = ../../../Downloads/Raider.mtl; sourceTree = "<group>"; };
		AFC43CD929D7CF200080E891 /* Privacy Policy.txt */ = {isa = PBXFileReference; lastKnownFileType = text; path = "Privacy Policy.txt"; sourceTree = "<group>"; };
		AFC92EDA2A12B8BE0042697B /* HomeScreen.swift */ = {isa = PBXFileReference; lastKnownFileType = sourcecode.swift; path = HomeScreen.swift; sourceTree = "<group>"; };
		AFD4C04C29CFA48200A127BB /* Starhaven.app */ = {isa = PBXFileReference; explicitFileType = wrapper.application; includeInIndex = 0; path = Starhaven.app; sourceTree = BUILT_PRODUCTS_DIR; };
		AFD4C04F29CFA48200A127BB /* StarhavenApp.swift */ = {isa = PBXFileReference; lastKnownFileType = sourcecode.swift; path = StarhavenApp.swift; sourceTree = "<group>"; };
		AFD4C05329CFA48400A127BB /* Assets.xcassets */ = {isa = PBXFileReference; lastKnownFileType = folder.assetcatalog; path = Assets.xcassets; sourceTree = "<group>"; };
		AFD4C05629CFA48400A127BB /* Preview Assets.xcassets */ = {isa = PBXFileReference; lastKnownFileType = folder.assetcatalog; path = "Preview Assets.xcassets"; sourceTree = "<group>"; };
		AFD4C05D29CFA49500A127BB /* BlackHole.swift */ = {isa = PBXFileReference; lastKnownFileType = sourcecode.swift; path = BlackHole.swift; sourceTree = "<group>"; };
		AFD4C06329CFAAFC00A127BB /* Extensions.swift */ = {isa = PBXFileReference; lastKnownFileType = sourcecode.swift; path = Extensions.swift; sourceTree = "<group>"; };
		AFD4C06529CFAF5100A127BB /* CustomTorus.swift */ = {isa = PBXFileReference; lastKnownFileType = sourcecode.swift; path = CustomTorus.swift; sourceTree = "<group>"; };
		AFD4C06A29CFFB4E00A127BB /* SceneKit.framework */ = {isa = PBXFileReference; lastKnownFileType = wrapper.framework; name = SceneKit.framework; path = System/Library/Frameworks/SceneKit.framework; sourceTree = SDKROOT; };
		AFD7EEB82A2C83A600A92162 /* IntroCutscene.swift */ = {isa = PBXFileReference; lastKnownFileType = sourcecode.swift; path = IntroCutscene.swift; sourceTree = "<group>"; };
		AFD7EEBA2A2C88FD00A92162 /* dh10.mtl */ = {isa = PBXFileReference; fileEncoding = 4; lastKnownFileType = text; name = dh10.mtl; path = ../../../Downloads/cadnav.com_model/Models_G0701A063/dh10.mtl; sourceTree = "<group>"; };
		AFD7EEBB2A2C88FD00A92162 /* dh10.obj */ = {isa = PBXFileReference; fileEncoding = 4; lastKnownFileType = text; name = dh10.obj; path = ../../../Downloads/cadnav.com_model/Models_G0701A063/dh10.obj; sourceTree = "<group>"; };
		AFDBFDD929DD2775006DEB3E /* ContentView.swift */ = {isa = PBXFileReference; lastKnownFileType = sourcecode.swift; path = ContentView.swift; sourceTree = "<group>"; };
		AFDE46E329F8A17500401509 /* GhostEnums.swift */ = {isa = PBXFileReference; lastKnownFileType = sourcecode.swift; path = GhostEnums.swift; sourceTree = "<group>"; };
		AFDE46E729F908CA00401509 /* Ecosystem.swift */ = {isa = PBXFileReference; lastKnownFileType = sourcecode.swift; path = Ecosystem.swift; sourceTree = "<group>"; };
		AFDE46E929F911A800401509 /* FactionSystem.swift */ = {isa = PBXFileReference; lastKnownFileType = sourcecode.swift; path = FactionSystem.swift; sourceTree = "<group>"; };
		AFDE46F129F91E2400401509 /* Dreadknought.swift */ = {isa = PBXFileReference; lastKnownFileType = sourcecode.swift; path = Dreadknought.swift; sourceTree = "<group>"; };
		AFF42A8529E6689800B6C603 /* Missile.swift */ = {isa = PBXFileReference; lastKnownFileType = sourcecode.swift; path = Missile.swift; sourceTree = "<group>"; };
/* End PBXFileReference section */

/* Begin PBXFrameworksBuildPhase section */
		AFD4C04929CFA48200A127BB /* Frameworks */ = {
			isa = PBXFrameworksBuildPhase;
			buildActionMask = 2147483647;
			files = (
				AFC43CCA29D771790080E891 /* SceneKit.framework in Frameworks */,
			);
			runOnlyForDeploymentPostprocessing = 0;
		};
/* End PBXFrameworksBuildPhase section */

/* Begin PBXGroup section */
		AFD4C04329CFA48200A127BB = {
			isa = PBXGroup;
			children = (
				AF6707BB2A3CC2C200A923E4 /* PhysicsTest.swift */,
				AF6707B92A3BDA2700A923E4 /* ShipManager.swift */,
				AF05610E2A3E99E80096E211 /* Level.swift */,
				AF05610C2A3E99C00096E211 /* SceneManager.swift */,
				AF05610A2A3E99140096E211 /* PhysicsManager.swift */,
				AF0561082A3E98E20096E211 /* CameraManager.swift */,
				AF12B9A62A33BADA0068D352 /* GameManager.swift */,
				AFD4C04E29CFA48200A127BB /* Starhaven */,
				AFC43CD929D7CF200080E891 /* Privacy Policy.txt */,
				AF67FBB429F7C0CB007CE669 /* Launch Screen.storyboard */,
				AF07021C29E120D300667F9B /* Assets.xcassets */,
				AF63D4392A08D68F007D8A40 /* snatchHiss.wav */,
				AF63D43B2A08D6EC007D8A40 /* snap.wav */,
				AF3D1DA32A09ED1700A8F2C7 /* HVN.mp3 */,
				AFB0EA452A318C8500313974 /* ISR.mp3 */,
				AF0C5C512A2F3CD600D6D008 /* she never loved u bro.mp3 */,
				AF4F696A2A0DBFD3007376EA /* HVNDarkseid.mp3 */,
				AFD4C04D29CFA48200A127BB /* Products */,
				AFD4C06929CFFB4E00A127BB /* Frameworks */,
			);
			sourceTree = "<group>";
		};
		AFD4C04D29CFA48200A127BB /* Products */ = {
			isa = PBXGroup;
			children = (
				AFD4C04C29CFA48200A127BB /* Starhaven.app */,
			);
			name = Products;
			sourceTree = "<group>";
		};
		AFD4C04E29CFA48200A127BB /* Starhaven */ = {
			isa = PBXGroup;
			children = (
				AFD4C04F29CFA48200A127BB /* StarhavenApp.swift */,
				AFF42A8829E773FD00B6C603 /* Views */,
				AFD7EEBE2A2E891D00A92162 /* ViewModel */,
				AFD7EEBF2A2E892500A92162 /* Things */,
				AFD4C06329CFAAFC00A127BB /* Extensions.swift */,
				AFD4C05329CFA48400A127BB /* Assets.xcassets */,
				AFBB77D92A2555B4009C998B /* HeavyBattleship.obj */,
				AFBB77DB2A25A4C4009C998B /* Raider.obj */,
				AFD7EEBA2A2C88FD00A92162 /* dh10.mtl */,
				AFD7EEBB2A2C88FD00A92162 /* dh10.obj */,
				AFBB77DD2A25A4F0009C998B /* Raider.mtl */,
				AF1C63D229D98B1600710916 /* SceneKit Asset Catalog.scnassets */,
				AFD4C05529CFA48400A127BB /* Preview Content */,
			);
			path = Starhaven;
			sourceTree = "<group>";
		};
		AFD4C05529CFA48400A127BB /* Preview Content */ = {
			isa = PBXGroup;
			children = (
				AFD4C05629CFA48400A127BB /* Preview Assets.xcassets */,
			);
			path = "Preview Content";
			sourceTree = "<group>";
		};
		AFD4C06929CFFB4E00A127BB /* Frameworks */ = {
			isa = PBXGroup;
			children = (
				AFD4C06A29CFFB4E00A127BB /* SceneKit.framework */,
			);
			name = Frameworks;
			sourceTree = "<group>";
		};
		AFD7EEBE2A2E891D00A92162 /* ViewModel */ = {
			isa = PBXGroup;
			children = (
				AF6388E229DF79090086C90F /* SpacegroundViewModel.swift */,
				AF12B9AA2A344D380068D352 /* ParticleManager.swift */,
				AF12B9A82A33DFFF0068D352 /* Physics.swift */,
			);
			path = ViewModel;
			sourceTree = "<group>";
		};
		AFD7EEBF2A2E892500A92162 /* Things */ = {
			isa = PBXGroup;
			children = (
				AFDE46E729F908CA00401509 /* Ecosystem.swift */,
				AFDE46ED29F9125800401509 /* Agents */,
				AFDE46EB29F911F600401509 /* Projectiles */,
				AFF42A8729E773D000B6C603 /* Celestial Objects */,
				AFD7EEB82A2C83A600A92162 /* IntroCutscene.swift */,
			);
			path = Things;
			sourceTree = "<group>";
		};
		AFDE46EB29F911F600401509 /* Projectiles */ = {
			isa = PBXGroup;
			children = (
				AF9FD3802A02E64D00F5F2AC /* GhostMissile.swift */,
				AFAAB44C29F47B8F007D5A2F /* CollisionCategory.swift */,
				AFF42A8529E6689800B6C603 /* Missile.swift */,
				AFAAB44A29F468D3007D5A2F /* Laser.swift */,
			);
			path = Projectiles;
			sourceTree = "<group>";
		};
		AFDE46EC29F9121500401509 /* Heads-Up Display */ = {
			isa = PBXGroup;
			children = (
				AF6388DB29DF77B80086C90F /* HUD.swift */,
				AF5B368E2A0AA9650075581E /* Custom Slider.swift */,
				AF28B9B929E4C9A7002FEAB5 /* Reticle.swift */,
			);
			path = "Heads-Up Display";
			sourceTree = "<group>";
		};
		AFDE46ED29F9125800401509 /* Agents */ = {
			isa = PBXGroup;
			children = (
				AFDE46EF29F912B100401509 /* Player */,
				AFDE46EE29F9128E00401509 /* Ghosts */,
			);
			path = Agents;
			sourceTree = "<group>";
		};
		AFDE46EE29F9128E00401509 /* Ghosts */ = {
			isa = PBXGroup;
			children = (
				AFDE46E929F911A800401509 /* FactionSystem.swift */,
				AFDE46F129F91E2400401509 /* Dreadknought.swift */,
				AF67FBB029F78C0B007CE669 /* Drone.swift */,
				AF778F0729F9F44700F299E5 /* Raider.swift */,
				AFC92EDA2A12B8BE0042697B /* HomeScreen.swift */,
				AFDE46E329F8A17500401509 /* GhostEnums.swift */,
			);
			path = Ghosts;
			sourceTree = "<group>";
		};
		AFDE46EF29F912B100401509 /* Player */ = {
			isa = PBXGroup;
			children = (
				AF6388DD29DF77DF0086C90F /* VelocityBuffer.swift */,
				AF6388DF29DF78430086C90F /* Ship.swift */,
				AF6707BD2A3D415000A923E4 /* ModelManager.swift */,
			);
			path = Player;
			sourceTree = "<group>";
		};
		AFF42A8729E773D000B6C603 /* Celestial Objects */ = {
			isa = PBXGroup;
			children = (
				AF6388E629DFC9610086C90F /* Star.swift */,
				AF3D1DA52A0A006600A8F2C7 /* Planet.swift */,
				AFD4C05D29CFA49500A127BB /* BlackHole.swift */,
				AFD4C06529CFAF5100A127BB /* CustomTorus.swift */,
			);
			path = "Celestial Objects";
			sourceTree = "<group>";
		};
		AFF42A8829E773FD00B6C603 /* Views */ = {
			isa = PBXGroup;
			children = (
				AFDBFDD929DD2775006DEB3E /* ContentView.swift */,
				AF6D0AF72A35C2A4001C1DEB /* SettingsScreen.swift */,
				AF6D0AF52A35BF2E001C1DEB /* LoadingScreen.swift */,
				AF6388D929DF77940086C90F /* Space.swift */,
				AFDE46EC29F9121500401509 /* Heads-Up Display */,
			);
			path = Views;
			sourceTree = "<group>";
		};
/* End PBXGroup section */

/* Begin PBXNativeTarget section */
		AFD4C04B29CFA48200A127BB /* Starhaven */ = {
			isa = PBXNativeTarget;
			buildConfigurationList = AFD4C05A29CFA48400A127BB /* Build configuration list for PBXNativeTarget "Starhaven" */;
			buildPhases = (
				AFD4C04829CFA48200A127BB /* Sources */,
				AFD4C04929CFA48200A127BB /* Frameworks */,
				AFD4C04A29CFA48200A127BB /* Resources */,
			);
			buildRules = (
			);
			dependencies = (
			);
			name = Starhaven;
			productName = Starhaven;
			productReference = AFD4C04C29CFA48200A127BB /* Starhaven.app */;
			productType = "com.apple.product-type.application";
		};
/* End PBXNativeTarget section */

/* Begin PBXProject section */
		AFD4C04429CFA48200A127BB /* Project object */ = {
			isa = PBXProject;
			attributes = {
				BuildIndependentTargetsInParallel = 1;
				LastSwiftUpdateCheck = 1420;
				LastUpgradeCheck = 1420;
				TargetAttributes = {
					AFD4C04B29CFA48200A127BB = {
						CreatedOnToolsVersion = 14.2;
					};
				};
			};
			buildConfigurationList = AFD4C04729CFA48200A127BB /* Build configuration list for PBXProject "Starhaven" */;
			compatibilityVersion = "Xcode 14.0";
			developmentRegion = en;
			hasScannedForEncodings = 0;
			knownRegions = (
				en,
				Base,
			);
			mainGroup = AFD4C04329CFA48200A127BB;
			productRefGroup = AFD4C04D29CFA48200A127BB /* Products */;
			projectDirPath = "";
			projectRoot = "";
			targets = (
				AFD4C04B29CFA48200A127BB /* Starhaven */,
			);
		};
/* End PBXProject section */

/* Begin PBXResourcesBuildPhase section */
		AFD4C04A29CFA48200A127BB /* Resources */ = {
			isa = PBXResourcesBuildPhase;
			buildActionMask = 2147483647;
			files = (
				AFBB77DA2A2555BD009C998B /* HeavyBattleship.obj in Resources */,
				AF3D1DA42A09ED1700A8F2C7 /* HVN.mp3 in Resources */,
				AF63D43C2A08D6EC007D8A40 /* snap.wav in Resources */,
				AFB0EA462A318C8500313974 /* ISR.mp3 in Resources */,
				AFD4C05729CFA48400A127BB /* Preview Assets.xcassets in Resources */,
				AFD4C05429CFA48400A127BB /* Assets.xcassets in Resources */,
				AFD7EEBC2A2C88FD00A92162 /* dh10.mtl in Resources */,
				AFBB77DC2A25A4C4009C998B /* Raider.obj in Resources */,
				AF1C63D329D98B1600710916 /* SceneKit Asset Catalog.scnassets in Resources */,
				AF07021E29E120D300667F9B /* Assets.xcassets in Resources */,
				AF0C5C522A2F3CD600D6D008 /* she never loved u bro.mp3 in Resources */,
				AFC43CDA29D7CF200080E891 /* Privacy Policy.txt in Resources */,
				AF63D43A2A08D68F007D8A40 /* snatchHiss.wav in Resources */,
				AFBB77DE2A25A4F0009C998B /* Raider.mtl in Resources */,
				AF4F696B2A0DBFD3007376EA /* HVNDarkseid.mp3 in Resources */,
				AFD7EEBD2A2C88FD00A92162 /* dh10.obj in Resources */,
				AF67FBB529F7C0CB007CE669 /* Launch Screen.storyboard in Resources */,
			);
			runOnlyForDeploymentPostprocessing = 0;
		};
/* End PBXResourcesBuildPhase section */

/* Begin PBXSourcesBuildPhase section */
		AFD4C04829CFA48200A127BB /* Sources */ = {
			isa = PBXSourcesBuildPhase;
			buildActionMask = 2147483647;
			files = (
				AFDE46E829F908CA00401509 /* Ecosystem.swift in Sources */,
				AF6388DA29DF77940086C90F /* Space.swift in Sources */,
				AF5B368F2A0AA9660075581E /* Custom Slider.swift in Sources */,
				AF3D1DA62A0A006600A8F2C7 /* Planet.swift in Sources */,
				AFD4C06429CFAAFC00A127BB /* Extensions.swift in Sources */,
				AF6D0AF82A35C2A4001C1DEB /* SettingsScreen.swift in Sources */,
				AFC92EDB2A12B8BE0042697B /* HomeScreen.swift in Sources */,
				AF778F0829F9F44700F299E5 /* Raider.swift in Sources */,
				AF6707BA2A3BDA2700A923E4 /* ShipManager.swift in Sources */,
				AF05610B2A3E99140096E211 /* PhysicsManager.swift in Sources */,
				AFDE46E429F8A17500401509 /* GhostEnums.swift in Sources */,
				AF6388E729DFC9610086C90F /* Star.swift in Sources */,
				AFD4C05029CFA48200A127BB /* StarhavenApp.swift in Sources */,
				AFDE46EA29F911A800401509 /* FactionSystem.swift in Sources */,
				AFF42A8629E6689800B6C603 /* Missile.swift in Sources */,
				AF6388E029DF78430086C90F /* Ship.swift in Sources */,
				AF6707BC2A3CC2C200A923E4 /* PhysicsTest.swift in Sources */,
				AF12B9A72A33BADA0068D352 /* GameManager.swift in Sources */,
				AFAAB44B29F468D3007D5A2F /* Laser.swift in Sources */,
				AFD7EEB92A2C83A600A92162 /* IntroCutscene.swift in Sources */,
				AF6707BE2A3D415000A923E4 /* ModelManager.swift in Sources */,
				AFAAB44D29F47B8F007D5A2F /* CollisionCategory.swift in Sources */,
				AF12B9A92A33DFFF0068D352 /* Physics.swift in Sources */,
				AF12B9AB2A344D380068D352 /* ParticleManager.swift in Sources */,
				AFDBFDDA29DD2775006DEB3E /* ContentView.swift in Sources */,
				AF6D0AF62A35BF2E001C1DEB /* LoadingScreen.swift in Sources */,
				AFD4C05E29CFA49500A127BB /* BlackHole.swift in Sources */,
				AF28B9BA29E4C9A7002FEAB5 /* Reticle.swift in Sources */,
				AFD4C06629CFAF5100A127BB /* CustomTorus.swift in Sources */,
				AF6388E329DF79090086C90F /* SpacegroundViewModel.swift in Sources */,
				AF0561092A3E98E20096E211 /* CameraManager.swift in Sources */,
				AF05610D2A3E99C00096E211 /* SceneManager.swift in Sources */,
				AF67FBB129F78C0B007CE669 /* Drone.swift in Sources */,
				AF6388DC29DF77B80086C90F /* HUD.swift in Sources */,
				AFDE46F229F91E2400401509 /* Dreadknought.swift in Sources */,
				AF6388DE29DF77DF0086C90F /* VelocityBuffer.swift in Sources */,
				AF05610F2A3E99E80096E211 /* Level.swift in Sources */,
				AF9FD3812A02E64D00F5F2AC /* GhostMissile.swift in Sources */,
			);
			runOnlyForDeploymentPostprocessing = 0;
		};
/* End PBXSourcesBuildPhase section */

/* Begin XCBuildConfiguration section */
		AFD4C05829CFA48400A127BB /* Debug */ = {
			isa = XCBuildConfiguration;
			buildSettings = {
				ALWAYS_SEARCH_USER_PATHS = NO;
				CLANG_ANALYZER_NONNULL = YES;
				CLANG_ANALYZER_NUMBER_OBJECT_CONVERSION = YES_AGGRESSIVE;
				CLANG_CXX_LANGUAGE_STANDARD = "gnu++20";
				CLANG_ENABLE_MODULES = YES;
				CLANG_ENABLE_OBJC_ARC = YES;
				CLANG_ENABLE_OBJC_WEAK = YES;
				CLANG_WARN_BLOCK_CAPTURE_AUTORELEASING = YES;
				CLANG_WARN_BOOL_CONVERSION = YES;
				CLANG_WARN_COMMA = YES;
				CLANG_WARN_CONSTANT_CONVERSION = YES;
				CLANG_WARN_DEPRECATED_OBJC_IMPLEMENTATIONS = YES;
				CLANG_WARN_DIRECT_OBJC_ISA_USAGE = YES_ERROR;
				CLANG_WARN_DOCUMENTATION_COMMENTS = YES;
				CLANG_WARN_EMPTY_BODY = YES;
				CLANG_WARN_ENUM_CONVERSION = YES;
				CLANG_WARN_INFINITE_RECURSION = YES;
				CLANG_WARN_INT_CONVERSION = YES;
				CLANG_WARN_NON_LITERAL_NULL_CONVERSION = YES;
				CLANG_WARN_OBJC_IMPLICIT_RETAIN_SELF = YES;
				CLANG_WARN_OBJC_LITERAL_CONVERSION = YES;
				CLANG_WARN_OBJC_ROOT_CLASS = YES_ERROR;
				CLANG_WARN_QUOTED_INCLUDE_IN_FRAMEWORK_HEADER = YES;
				CLANG_WARN_RANGE_LOOP_ANALYSIS = YES;
				CLANG_WARN_STRICT_PROTOTYPES = YES;
				CLANG_WARN_SUSPICIOUS_MOVE = YES;
				CLANG_WARN_UNGUARDED_AVAILABILITY = YES_AGGRESSIVE;
				CLANG_WARN_UNREACHABLE_CODE = YES;
				CLANG_WARN__DUPLICATE_METHOD_MATCH = YES;
				COPY_PHASE_STRIP = NO;
				DEBUG_INFORMATION_FORMAT = dwarf;
				ENABLE_STRICT_OBJC_MSGSEND = YES;
				ENABLE_TESTABILITY = YES;
				GCC_C_LANGUAGE_STANDARD = gnu11;
				GCC_DYNAMIC_NO_PIC = NO;
				GCC_NO_COMMON_BLOCKS = YES;
				GCC_OPTIMIZATION_LEVEL = 0;
				GCC_PREPROCESSOR_DEFINITIONS = (
					"DEBUG=1",
					"$(inherited)",
				);
				GCC_WARN_64_TO_32_BIT_CONVERSION = YES;
				GCC_WARN_ABOUT_RETURN_TYPE = YES_ERROR;
				GCC_WARN_UNDECLARED_SELECTOR = YES;
				GCC_WARN_UNINITIALIZED_AUTOS = YES_AGGRESSIVE;
				GCC_WARN_UNUSED_FUNCTION = YES;
				GCC_WARN_UNUSED_VARIABLE = YES;
				IPHONEOS_DEPLOYMENT_TARGET = 16.0;
				MTL_ENABLE_DEBUG_INFO = INCLUDE_SOURCE;
				MTL_FAST_MATH = YES;
				ONLY_ACTIVE_ARCH = YES;
				SDKROOT = iphoneos;
				SWIFT_ACTIVE_COMPILATION_CONDITIONS = DEBUG;
				SWIFT_OPTIMIZATION_LEVEL = "-Onone";
			};
			name = Debug;
		};
		AFD4C05929CFA48400A127BB /* Release */ = {
			isa = XCBuildConfiguration;
			buildSettings = {
				ALWAYS_SEARCH_USER_PATHS = NO;
				CLANG_ANALYZER_NONNULL = YES;
				CLANG_ANALYZER_NUMBER_OBJECT_CONVERSION = YES_AGGRESSIVE;
				CLANG_CXX_LANGUAGE_STANDARD = "gnu++20";
				CLANG_ENABLE_MODULES = YES;
				CLANG_ENABLE_OBJC_ARC = YES;
				CLANG_ENABLE_OBJC_WEAK = YES;
				CLANG_WARN_BLOCK_CAPTURE_AUTORELEASING = YES;
				CLANG_WARN_BOOL_CONVERSION = YES;
				CLANG_WARN_COMMA = YES;
				CLANG_WARN_CONSTANT_CONVERSION = YES;
				CLANG_WARN_DEPRECATED_OBJC_IMPLEMENTATIONS = YES;
				CLANG_WARN_DIRECT_OBJC_ISA_USAGE = YES_ERROR;
				CLANG_WARN_DOCUMENTATION_COMMENTS = YES;
				CLANG_WARN_EMPTY_BODY = YES;
				CLANG_WARN_ENUM_CONVERSION = YES;
				CLANG_WARN_INFINITE_RECURSION = YES;
				CLANG_WARN_INT_CONVERSION = YES;
				CLANG_WARN_NON_LITERAL_NULL_CONVERSION = YES;
				CLANG_WARN_OBJC_IMPLICIT_RETAIN_SELF = YES;
				CLANG_WARN_OBJC_LITERAL_CONVERSION = YES;
				CLANG_WARN_OBJC_ROOT_CLASS = YES_ERROR;
				CLANG_WARN_QUOTED_INCLUDE_IN_FRAMEWORK_HEADER = YES;
				CLANG_WARN_RANGE_LOOP_ANALYSIS = YES;
				CLANG_WARN_STRICT_PROTOTYPES = YES;
				CLANG_WARN_SUSPICIOUS_MOVE = YES;
				CLANG_WARN_UNGUARDED_AVAILABILITY = YES_AGGRESSIVE;
				CLANG_WARN_UNREACHABLE_CODE = YES;
				CLANG_WARN__DUPLICATE_METHOD_MATCH = YES;
				COPY_PHASE_STRIP = NO;
				DEBUG_INFORMATION_FORMAT = "dwarf-with-dsym";
				ENABLE_NS_ASSERTIONS = NO;
				ENABLE_STRICT_OBJC_MSGSEND = YES;
				GCC_C_LANGUAGE_STANDARD = gnu11;
				GCC_NO_COMMON_BLOCKS = YES;
				GCC_WARN_64_TO_32_BIT_CONVERSION = YES;
				GCC_WARN_ABOUT_RETURN_TYPE = YES_ERROR;
				GCC_WARN_UNDECLARED_SELECTOR = YES;
				GCC_WARN_UNINITIALIZED_AUTOS = YES_AGGRESSIVE;
				GCC_WARN_UNUSED_FUNCTION = YES;
				GCC_WARN_UNUSED_VARIABLE = YES;
				IPHONEOS_DEPLOYMENT_TARGET = 16.0;
				MTL_ENABLE_DEBUG_INFO = NO;
				MTL_FAST_MATH = YES;
				SDKROOT = iphoneos;
				SWIFT_COMPILATION_MODE = wholemodule;
				SWIFT_OPTIMIZATION_LEVEL = "-O";
				VALIDATE_PRODUCT = YES;
			};
			name = Release;
		};
		AFD4C05B29CFA48400A127BB /* Debug */ = {
			isa = XCBuildConfiguration;
			buildSettings = {
				ASSETCATALOG_COMPILER_APPICON_NAME = AppIcon;
				ASSETCATALOG_COMPILER_GLOBAL_ACCENT_COLOR_NAME = AccentColor;
				CODE_SIGN_STYLE = Automatic;
				CURRENT_PROJECT_VERSION = 1;
				DEVELOPMENT_ASSET_PATHS = "\"Starhaven/Preview Content\"";
				DEVELOPMENT_TEAM = QTK9J7VK88;
				ENABLE_PREVIEWS = YES;
				GENERATE_INFOPLIST_FILE = YES;
				INFOPLIST_KEY_CFBundleDisplayName = starHaven;
				INFOPLIST_KEY_LSApplicationCategoryType = "public.app-category.action-games";
				INFOPLIST_KEY_UIApplicationSceneManifest_Generation = YES;
				INFOPLIST_KEY_UIApplicationSupportsIndirectInputEvents = YES;
				INFOPLIST_KEY_UILaunchScreen_Generation = YES;
				INFOPLIST_KEY_UILaunchStoryboardName = "Launch Screen.storyboard";
				INFOPLIST_KEY_UIRequiresFullScreen = YES;
				INFOPLIST_KEY_UISupportedInterfaceOrientations = "UIInterfaceOrientationLandscapeLeft UIInterfaceOrientationLandscapeRight UIInterfaceOrientationPortrait";
				IPHONEOS_DEPLOYMENT_TARGET = 16.0;
				LD_RUNPATH_SEARCH_PATHS = (
					"$(inherited)",
					"@executable_path/Frameworks",
				);
				MARKETING_VERSION = 1.8;
				PRODUCT_BUNDLE_IDENTIFIER = com.alphaHalcyon.starHaven;
				PRODUCT_NAME = "$(TARGET_NAME)";
				SUPPORTED_PLATFORMS = "iphoneos iphonesimulator";
				SUPPORTS_MACCATALYST = NO;
				SUPPORTS_MAC_DESIGNED_FOR_IPHONE_IPAD = NO;
				SWIFT_EMIT_LOC_STRINGS = YES;
				SWIFT_VERSION = 5.0;
				TARGETED_DEVICE_FAMILY = "1,2";
			};
			name = Debug;
		};
		AFD4C05C29CFA48400A127BB /* Release */ = {
			isa = XCBuildConfiguration;
			buildSettings = {
				ASSETCATALOG_COMPILER_APPICON_NAME = AppIcon;
				ASSETCATALOG_COMPILER_GLOBAL_ACCENT_COLOR_NAME = AccentColor;
				CODE_SIGN_STYLE = Automatic;
				CURRENT_PROJECT_VERSION = 1;
				DEVELOPMENT_ASSET_PATHS = "\"Starhaven/Preview Content\"";
				DEVELOPMENT_TEAM = QTK9J7VK88;
				ENABLE_PREVIEWS = YES;
				GENERATE_INFOPLIST_FILE = YES;
				INFOPLIST_KEY_CFBundleDisplayName = starHaven;
				INFOPLIST_KEY_LSApplicationCategoryType = "public.app-category.action-games";
				INFOPLIST_KEY_UIApplicationSceneManifest_Generation = YES;
				INFOPLIST_KEY_UIApplicationSupportsIndirectInputEvents = YES;
				INFOPLIST_KEY_UILaunchScreen_Generation = YES;
				INFOPLIST_KEY_UILaunchStoryboardName = "Launch Screen.storyboard";
				INFOPLIST_KEY_UIRequiresFullScreen = YES;
				INFOPLIST_KEY_UISupportedInterfaceOrientations = "UIInterfaceOrientationLandscapeLeft UIInterfaceOrientationLandscapeRight UIInterfaceOrientationPortrait";
				IPHONEOS_DEPLOYMENT_TARGET = 16.0;
				LD_RUNPATH_SEARCH_PATHS = (
					"$(inherited)",
					"@executable_path/Frameworks",
				);
				MARKETING_VERSION = 1.8;
				PRODUCT_BUNDLE_IDENTIFIER = com.alphaHalcyon.starHaven;
				PRODUCT_NAME = "$(TARGET_NAME)";
				SUPPORTED_PLATFORMS = "iphoneos iphonesimulator";
				SUPPORTS_MACCATALYST = NO;
				SUPPORTS_MAC_DESIGNED_FOR_IPHONE_IPAD = NO;
				SWIFT_EMIT_LOC_STRINGS = YES;
				SWIFT_VERSION = 5.0;
				TARGETED_DEVICE_FAMILY = "1,2";
			};
			name = Release;
		};
/* End XCBuildConfiguration section */

/* Begin XCConfigurationList section */
		AFD4C04729CFA48200A127BB /* Build configuration list for PBXProject "Starhaven" */ = {
			isa = XCConfigurationList;
			buildConfigurations = (
				AFD4C05829CFA48400A127BB /* Debug */,
				AFD4C05929CFA48400A127BB /* Release */,
			);
			defaultConfigurationIsVisible = 0;
			defaultConfigurationName = Release;
		};
		AFD4C05A29CFA48400A127BB /* Build configuration list for PBXNativeTarget "Starhaven" */ = {
			isa = XCConfigurationList;
			buildConfigurations = (
				AFD4C05B29CFA48400A127BB /* Debug */,
				AFD4C05C29CFA48400A127BB /* Release */,
			);
			defaultConfigurationIsVisible = 0;
			defaultConfigurationName = Release;
		};
/* End XCConfigurationList section */
	};
	rootObject = AFD4C04429CFA48200A127BB /* Project object */;
}
